{
  "version": 4,
  "terraform_version": "1.2.2",
  "serial": 283,
  "lineage": "4f8b4114-f348-a15f-b39a-78729e337468",
  "outputs": {},
  "resources": [
    {
      "mode": "managed",
      "type": "azurerm_dev_test_global_vm_shutdown_schedule",
      "name": "res-7",
      "provider": "provider[\"registry.terraform.io/hashicorp/azurerm\"]",
      "instances": [
        {
          "schema_version": 0,
          "attributes": {
            "daily_recurrence_time": "1900",
            "enabled": true,
            "id": "/subscriptions/21e1ef34-0963-45a7-adf0-9ec348b85362/resourceGroups/rg-jlab-branch01/providers/Microsoft.DevTestLab/schedules/shutdown-computevm-vmjlabbr01srv",
            "location": "centralus",
            "notification_settings": [
              {
                "email": "admin@MngEnv024722.onmicrosoft.com",
                "enabled": false,
                "time_in_minutes": 30,
                "webhook_url": ""
              }
            ],
            "tags": {},
            "timeouts": null,
            "timezone": "Central Standard Time",
            "virtual_machine_id": "/subscriptions/21e1ef34-0963-45a7-adf0-9ec348b85362/resourceGroups/rg-jlab-branch01/providers/Microsoft.Compute/virtualMachines/vmjlabbr01srv"
          },
          "sensitive_attributes": [],
          "private": "eyJlMmJmYjczMC1lY2FhLTExZTYtOGY4OC0zNDM2M2JjN2M0YzAiOnsiY3JlYXRlIjoxODAwMDAwMDAwMDAwLCJkZWxldGUiOjE4MDAwMDAwMDAwMDAsInJlYWQiOjMwMDAwMDAwMDAwMCwidXBkYXRlIjoxODAwMDAwMDAwMDAwfX0=",
          "dependencies": [
            "azurerm_network_interface.res-24",
            "azurerm_public_ip.res-29",
            "azurerm_resource_group.res-1",
            "azurerm_windows_virtual_machine.res-2"
          ]
        }
      ]
    },
    {
      "mode": "managed",
      "type": "azurerm_local_network_gateway",
      "name": "res-22",
      "provider": "provider[\"registry.terraform.io/hashicorp/azurerm\"]",
      "instances": [
        {
          "schema_version": 0,
          "attributes": {
            "address_space": [
              "10.22.0.0/16"
            ],
            "bgp_settings": [
              {
                "asn": 65515,
                "bgp_peering_address": "10.50.0.13",
                "peer_weight": 0
              }
            ],
            "gateway_address": "172.202.166.252",
            "gateway_fqdn": "",
            "id": "/subscriptions/21e1ef34-0963-45a7-adf0-9ec348b85362/resourceGroups/rg-jlab-branch01/providers/Microsoft.Network/localNetworkGateways/lngw-vwan-jlab-primary",
            "location": "centralus",
            "name": "lngw-vwan-jlab-primary",
            "resource_group_name": "rg-jlab-branch01",
            "tags": {},
            "timeouts": null
          },
          "sensitive_attributes": [],
          "private": "eyJlMmJmYjczMC1lY2FhLTExZTYtOGY4OC0zNDM2M2JjN2M0YzAiOnsiY3JlYXRlIjoxODAwMDAwMDAwMDAwLCJkZWxldGUiOjE4MDAwMDAwMDAwMDAsInJlYWQiOjMwMDAwMDAwMDAwMCwidXBkYXRlIjoxODAwMDAwMDAwMDAwfX0=",
          "dependencies": [
            "azurerm_resource_group.res-1"
          ]
        }
      ]
    },
    {
      "mode": "managed",
      "type": "azurerm_local_network_gateway",
      "name": "res-23",
      "provider": "provider[\"registry.terraform.io/hashicorp/azurerm\"]",
      "instances": [
        {
          "schema_version": 0,
          "attributes": {
            "address_space": [
              "10.22.0.0/16"
            ],
            "bgp_settings": [
              {
                "asn": 65515,
                "bgp_peering_address": "10.50.0.12",
                "peer_weight": 0
              }
            ],
            "gateway_address": "172.202.166.245",
            "gateway_fqdn": "",
            "id": "/subscriptions/21e1ef34-0963-45a7-adf0-9ec348b85362/resourceGroups/rg-jlab-branch01/providers/Microsoft.Network/localNetworkGateways/lngw-vwan-jlab-secondary",
            "location": "centralus",
            "name": "lngw-vwan-jlab-secondary",
            "resource_group_name": "rg-jlab-branch01",
            "tags": {},
            "timeouts": null
          },
          "sensitive_attributes": [],
          "private": "eyJlMmJmYjczMC1lY2FhLTExZTYtOGY4OC0zNDM2M2JjN2M0YzAiOnsiY3JlYXRlIjoxODAwMDAwMDAwMDAwLCJkZWxldGUiOjE4MDAwMDAwMDAwMDAsInJlYWQiOjMwMDAwMDAwMDAwMCwidXBkYXRlIjoxODAwMDAwMDAwMDAwfX0=",
          "dependencies": [
            "azurerm_resource_group.res-1"
          ]
        }
      ]
    },
    {
      "mode": "managed",
      "type": "azurerm_network_interface",
      "name": "res-24",
      "provider": "provider[\"registry.terraform.io/hashicorp/azurerm\"]",
      "instances": [
        {
          "schema_version": 0,
          "attributes": {
            "applied_dns_servers": [],
            "auxiliary_mode": "",
            "auxiliary_sku": "",
            "dns_servers": [],
            "edge_zone": "",
            "enable_accelerated_networking": false,
            "enable_ip_forwarding": false,
            "id": "/subscriptions/21e1ef34-0963-45a7-adf0-9ec348b85362/resourceGroups/rg-jlab-branch01/providers/Microsoft.Network/networkInterfaces/vmjlabbr01srv139",
            "internal_dns_name_label": "",
            "internal_domain_name_suffix": "1kdn5lc4vwzuxl4ztmlutfaqod.gx.internal.cloudapp.net",
            "ip_configuration": [
              {
                "gateway_load_balancer_frontend_ip_configuration_id": "",
                "name": "ipconfig1",
                "primary": true,
                "private_ip_address": "192.168.1.4",
                "private_ip_address_allocation": "Dynamic",
                "private_ip_address_version": "IPv4",
                "public_ip_address_id": "/subscriptions/21e1ef34-0963-45a7-adf0-9ec348b85362/resourceGroups/rg-jlab-branch01/providers/Microsoft.Network/publicIPAddresses/vmjlabbr01srv-ip",
                "subnet_id": "/subscriptions/21e1ef34-0963-45a7-adf0-9ec348b85362/resourceGroups/rg-jlab-branch01/providers/Microsoft.Network/virtualNetworks/vnet-jlab-branch01/subnets/Compute"
              }
            ],
            "location": "centralus",
            "mac_address": "00-0D-3A-9F-BD-68",
            "name": "vmjlabbr01srv139",
            "private_ip_address": "192.168.1.4",
            "private_ip_addresses": [
              "192.168.1.4"
            ],
            "resource_group_name": "rg-jlab-branch01",
            "tags": {},
            "timeouts": null,
            "virtual_machine_id": "/subscriptions/21e1ef34-0963-45a7-adf0-9ec348b85362/resourceGroups/rg-jlab-branch01/providers/Microsoft.Compute/virtualMachines/vmjlabbr01srv"
          },
          "sensitive_attributes": [],
          "private": "eyJlMmJmYjczMC1lY2FhLTExZTYtOGY4OC0zNDM2M2JjN2M0YzAiOnsiY3JlYXRlIjoxODAwMDAwMDAwMDAwLCJkZWxldGUiOjE4MDAwMDAwMDAwMDAsInJlYWQiOjMwMDAwMDAwMDAwMCwidXBkYXRlIjoxODAwMDAwMDAwMDAwfX0=",
          "dependencies": [
            "azurerm_public_ip.res-29",
            "azurerm_resource_group.res-1"
          ]
        }
      ]
    },
    {
      "mode": "managed",
      "type": "azurerm_network_security_group",
      "name": "res-25",
      "provider": "provider[\"registry.terraform.io/hashicorp/azurerm\"]",
      "instances": [
        {
          "schema_version": 0,
          "attributes": {
            "id": "/subscriptions/21e1ef34-0963-45a7-adf0-9ec348b85362/resourceGroups/rg-jlab-branch01/providers/Microsoft.Network/networkSecurityGroups/vnet-jlab-branch01-Compute-nsg-centralus",
            "location": "centralus",
            "name": "vnet-jlab-branch01-Compute-nsg-centralus",
            "resource_group_name": "rg-jlab-branch01",
            "security_rule": [
              {
                "access": "Allow",
                "description": "CSS Governance Security Rule.  Allow Corpnet inbound.  https://aka.ms/casg",
                "destination_address_prefix": "*",
                "destination_address_prefixes": [],
                "destination_application_security_group_ids": [],
                "destination_port_range": "*",
                "destination_port_ranges": [],
                "direction": "Inbound",
                "name": "AllowCorpnet",
                "priority": 2700,
                "protocol": "*",
                "source_address_prefix": "CorpNetPublic",
                "source_address_prefixes": [],
                "source_application_security_group_ids": [],
                "source_port_range": "*",
                "source_port_ranges": []
              },
              {
                "access": "Allow",
                "description": "CSS Governance Security Rule.  Allow SAW inbound.  https://aka.ms/casg",
                "destination_address_prefix": "*",
                "destination_address_prefixes": [],
                "destination_application_security_group_ids": [],
                "destination_port_range": "*",
                "destination_port_ranges": [],
                "direction": "Inbound",
                "name": "AllowSAW",
                "priority": 2701,
                "protocol": "*",
                "source_address_prefix": "CorpNetSaw",
                "source_address_prefixes": [],
                "source_application_security_group_ids": [],
                "source_port_range": "*",
                "source_port_ranges": []
              },
              {
                "access": "Allow",
                "description": "MDC JIT Network Access rule created by an initiation request for policy 'default' of VM 'vmjlabbr01srv'.",
                "destination_address_prefix": "192.168.1.4",
                "destination_address_prefixes": [],
                "destination_application_security_group_ids": [],
                "destination_port_range": "3389",
                "destination_port_ranges": [],
                "direction": "Inbound",
                "name": "MicrosoftDefenderForCloud-JITRule--716079643-A90689DE34104AB6B015A370A7DA6A9E",
                "priority": 100,
                "protocol": "*",
                "source_address_prefix": "70.246.77.65",
                "source_address_prefixes": [],
                "source_application_security_group_ids": [],
                "source_port_range": "*",
                "source_port_ranges": []
              },
              {
                "access": "Deny",
                "description": "MDC JIT Network Access rule for policy 'default' of VM 'vmjlabbr01srv'.",
                "destination_address_prefix": "192.168.1.4",
                "destination_address_prefixes": [],
                "destination_application_security_group_ids": [],
                "destination_port_range": "3389",
                "destination_port_ranges": [],
                "direction": "Inbound",
                "name": "MicrosoftDefenderForCloud-JITRule_-716079643_47500A4BD623480C817FAD4E3A1B4C3D",
                "priority": 4096,
                "protocol": "*",
                "source_address_prefix": "*",
                "source_address_prefixes": [],
                "source_application_security_group_ids": [],
                "source_port_range": "*",
                "source_port_ranges": []
              }
            ],
            "tags": {},
            "timeouts": null
          },
          "sensitive_attributes": [],
          "private": "eyJlMmJmYjczMC1lY2FhLTExZTYtOGY4OC0zNDM2M2JjN2M0YzAiOnsiY3JlYXRlIjoxODAwMDAwMDAwMDAwLCJkZWxldGUiOjE4MDAwMDAwMDAwMDAsInJlYWQiOjMwMDAwMDAwMDAwMCwidXBkYXRlIjoxODAwMDAwMDAwMDAwfX0=",
          "dependencies": [
            "azurerm_resource_group.res-1"
          ]
        }
      ]
    },
    {
      "mode": "managed",
      "type": "azurerm_network_security_rule",
      "name": "res-26",
      "provider": "provider[\"registry.terraform.io/hashicorp/azurerm\"]",
      "instances": [
        {
          "schema_version": 0,
          "attributes": {
            "access": "Allow",
            "description": "CSS Governance Security Rule.  Allow Corpnet inbound.  https://aka.ms/casg",
            "destination_address_prefix": "*",
            "destination_address_prefixes": [],
            "destination_application_security_group_ids": [],
            "destination_port_range": "*",
            "destination_port_ranges": [],
            "direction": "Inbound",
            "id": "/subscriptions/21e1ef34-0963-45a7-adf0-9ec348b85362/resourceGroups/rg-jlab-branch01/providers/Microsoft.Network/networkSecurityGroups/vnet-jlab-branch01-Compute-nsg-centralus/securityRules/AllowCorpnet",
            "name": "AllowCorpnet",
            "network_security_group_name": "vnet-jlab-branch01-Compute-nsg-centralus",
            "priority": 2700,
            "protocol": "*",
            "resource_group_name": "rg-jlab-branch01",
            "source_address_prefix": "CorpNetPublic",
            "source_address_prefixes": [],
            "source_application_security_group_ids": [],
            "source_port_range": "*",
            "source_port_ranges": [],
            "timeouts": null
          },
          "sensitive_attributes": [],
          "private": "eyJlMmJmYjczMC1lY2FhLTExZTYtOGY4OC0zNDM2M2JjN2M0YzAiOnsiY3JlYXRlIjoxODAwMDAwMDAwMDAwLCJkZWxldGUiOjE4MDAwMDAwMDAwMDAsInJlYWQiOjMwMDAwMDAwMDAwMCwidXBkYXRlIjoxODAwMDAwMDAwMDAwfX0=",
          "dependencies": [
            "azurerm_network_security_group.res-25",
            "azurerm_resource_group.res-1"
          ]
        }
      ]
    },
    {
      "mode": "managed",
      "type": "azurerm_network_security_rule",
      "name": "res-27",
      "provider": "provider[\"registry.terraform.io/hashicorp/azurerm\"]",
      "instances": [
        {
          "schema_version": 0,
          "attributes": {
            "access": "Allow",
            "description": "CSS Governance Security Rule.  Allow SAW inbound.  https://aka.ms/casg",
            "destination_address_prefix": "*",
            "destination_address_prefixes": [],
            "destination_application_security_group_ids": [],
            "destination_port_range": "*",
            "destination_port_ranges": [],
            "direction": "Inbound",
            "id": "/subscriptions/21e1ef34-0963-45a7-adf0-9ec348b85362/resourceGroups/rg-jlab-branch01/providers/Microsoft.Network/networkSecurityGroups/vnet-jlab-branch01-Compute-nsg-centralus/securityRules/AllowSAW",
            "name": "AllowSAW",
            "network_security_group_name": "vnet-jlab-branch01-Compute-nsg-centralus",
            "priority": 2701,
            "protocol": "*",
            "resource_group_name": "rg-jlab-branch01",
            "source_address_prefix": "CorpNetSaw",
            "source_address_prefixes": [],
            "source_application_security_group_ids": [],
            "source_port_range": "*",
            "source_port_ranges": [],
            "timeouts": null
          },
          "sensitive_attributes": [],
          "private": "eyJlMmJmYjczMC1lY2FhLTExZTYtOGY4OC0zNDM2M2JjN2M0YzAiOnsiY3JlYXRlIjoxODAwMDAwMDAwMDAwLCJkZWxldGUiOjE4MDAwMDAwMDAwMDAsInJlYWQiOjMwMDAwMDAwMDAwMCwidXBkYXRlIjoxODAwMDAwMDAwMDAwfX0=",
          "dependencies": [
            "azurerm_network_security_group.res-25",
            "azurerm_resource_group.res-1"
          ]
        }
      ]
    },
    {
      "mode": "managed",
      "type": "azurerm_public_ip",
      "name": "res-29",
      "provider": "provider[\"registry.terraform.io/hashicorp/azurerm\"]",
      "instances": [
        {
          "schema_version": 0,
          "attributes": {
            "allocation_method": "Static",
            "ddos_protection_mode": "VirtualNetworkInherited",
            "ddos_protection_plan_id": null,
            "domain_name_label": null,
            "edge_zone": "",
            "fqdn": null,
            "id": "/subscriptions/21e1ef34-0963-45a7-adf0-9ec348b85362/resourceGroups/rg-jlab-branch01/providers/Microsoft.Network/publicIPAddresses/vmjlabbr01srv-ip",
            "idle_timeout_in_minutes": 4,
            "ip_address": "52.176.210.212",
            "ip_tags": {},
            "ip_version": "IPv4",
            "location": "centralus",
            "name": "vmjlabbr01srv-ip",
            "public_ip_prefix_id": null,
            "resource_group_name": "rg-jlab-branch01",
            "reverse_fqdn": null,
            "sku": "Standard",
            "sku_tier": "Regional",
            "tags": {},
            "timeouts": null,
            "zones": []
          },
          "sensitive_attributes": [],
          "private": "eyJlMmJmYjczMC1lY2FhLTExZTYtOGY4OC0zNDM2M2JjN2M0YzAiOnsiY3JlYXRlIjoxODAwMDAwMDAwMDAwLCJkZWxldGUiOjE4MDAwMDAwMDAwMDAsInJlYWQiOjMwMDAwMDAwMDAwMCwidXBkYXRlIjoxODAwMDAwMDAwMDAwfX0=",
          "dependencies": [
            "azurerm_resource_group.res-1"
          ]
        }
      ]
    },
    {
      "mode": "managed",
      "type": "azurerm_public_ip",
      "name": "res-30",
      "provider": "provider[\"registry.terraform.io/hashicorp/azurerm\"]",
      "instances": [
        {
          "schema_version": 0,
          "attributes": {
            "allocation_method": "Static",
            "ddos_protection_mode": "VirtualNetworkInherited",
            "ddos_protection_plan_id": null,
            "domain_name_label": null,
            "edge_zone": "",
            "fqdn": null,
            "id": "/subscriptions/21e1ef34-0963-45a7-adf0-9ec348b85362/resourceGroups/rg-jlab-branch01/providers/Microsoft.Network/publicIPAddresses/vngw-jlab-branch01-pip",
            "idle_timeout_in_minutes": 4,
            "ip_address": "52.176.211.121",
            "ip_tags": {},
            "ip_version": "IPv4",
            "location": "centralus",
            "name": "vngw-jlab-branch01-pip",
            "public_ip_prefix_id": null,
            "resource_group_name": "rg-jlab-branch01",
            "reverse_fqdn": null,
            "sku": "Standard",
            "sku_tier": "Regional",
            "tags": {},
            "timeouts": null,
            "zones": []
          },
          "sensitive_attributes": [],
          "private": "eyJlMmJmYjczMC1lY2FhLTExZTYtOGY4OC0zNDM2M2JjN2M0YzAiOnsiY3JlYXRlIjoxODAwMDAwMDAwMDAwLCJkZWxldGUiOjE4MDAwMDAwMDAwMDAsInJlYWQiOjMwMDAwMDAwMDAwMCwidXBkYXRlIjoxODAwMDAwMDAwMDAwfX0=",
          "dependencies": [
            "azurerm_resource_group.res-1"
          ]
        }
      ]
    },
    {
      "mode": "managed",
      "type": "azurerm_public_ip",
      "name": "res-31",
      "provider": "provider[\"registry.terraform.io/hashicorp/azurerm\"]",
      "instances": [
        {
          "schema_version": 0,
          "attributes": {
            "allocation_method": "Static",
            "ddos_protection_mode": "VirtualNetworkInherited",
            "ddos_protection_plan_id": null,
            "domain_name_label": null,
            "edge_zone": "",
            "fqdn": null,
            "id": "/subscriptions/21e1ef34-0963-45a7-adf0-9ec348b85362/resourceGroups/rg-jlab-branch01/providers/Microsoft.Network/publicIPAddresses/vngw-jlab-branch01-pip1",
            "idle_timeout_in_minutes": 4,
            "ip_address": "52.176.210.72",
            "ip_tags": {},
            "ip_version": "IPv4",
            "location": "centralus",
            "name": "vngw-jlab-branch01-pip1",
            "public_ip_prefix_id": null,
            "resource_group_name": "rg-jlab-branch01",
            "reverse_fqdn": null,
            "sku": "Standard",
            "sku_tier": "Regional",
            "tags": {},
            "timeouts": null,
            "zones": []
          },
          "sensitive_attributes": [],
          "private": "eyJlMmJmYjczMC1lY2FhLTExZTYtOGY4OC0zNDM2M2JjN2M0YzAiOnsiY3JlYXRlIjoxODAwMDAwMDAwMDAwLCJkZWxldGUiOjE4MDAwMDAwMDAwMDAsInJlYWQiOjMwMDAwMDAwMDAwMCwidXBkYXRlIjoxODAwMDAwMDAwMDAwfX0=",
          "dependencies": [
            "azurerm_resource_group.res-1"
          ]
        }
      ]
    },
    {
      "mode": "managed",
      "type": "azurerm_resource_group",
      "name": "res-1",
      "provider": "provider[\"registry.terraform.io/hashicorp/azurerm\"]",
      "instances": [
        {
          "schema_version": 0,
          "attributes": {
            "id": "/subscriptions/21e1ef34-0963-45a7-adf0-9ec348b85362/resourceGroups/rg-jlab-branch01",
            "location": "centralus",
            "managed_by": "",
            "name": "rg-jlab-branch01",
            "tags": {},
            "timeouts": null
          },
          "sensitive_attributes": [],
          "private": "eyJlMmJmYjczMC1lY2FhLTExZTYtOGY4OC0zNDM2M2JjN2M0YzAiOnsiY3JlYXRlIjo1NDAwMDAwMDAwMDAwLCJkZWxldGUiOjU0MDAwMDAwMDAwMDAsInJlYWQiOjMwMDAwMDAwMDAwMCwidXBkYXRlIjo1NDAwMDAwMDAwMDAwfX0="
        }
      ]
    },
    {
      "mode": "managed",
      "type": "azurerm_subnet",
      "name": "res-34",
      "provider": "provider[\"registry.terraform.io/hashicorp/azurerm\"]",
      "instances": [
        {
          "schema_version": 0,
          "attributes": {
            "address_prefixes": [
              "192.168.1.0/24"
            ],
            "delegation": [],
            "enforce_private_link_endpoint_network_policies": false,
            "enforce_private_link_service_network_policies": false,
            "id": "/subscriptions/21e1ef34-0963-45a7-adf0-9ec348b85362/resourceGroups/rg-jlab-branch01/providers/Microsoft.Network/virtualNetworks/vnet-jlab-branch01/subnets/Compute",
            "name": "Compute",
            "private_endpoint_network_policies_enabled": true,
            "private_link_service_network_policies_enabled": true,
            "resource_group_name": "rg-jlab-branch01",
            "service_endpoint_policy_ids": [],
            "service_endpoints": [],
            "timeouts": null,
            "virtual_network_name": "vnet-jlab-branch01"
          },
          "sensitive_attributes": [],
          "private": "eyJlMmJmYjczMC1lY2FhLTExZTYtOGY4OC0zNDM2M2JjN2M0YzAiOnsiY3JlYXRlIjoxODAwMDAwMDAwMDAwLCJkZWxldGUiOjE4MDAwMDAwMDAwMDAsInJlYWQiOjMwMDAwMDAwMDAwMCwidXBkYXRlIjoxODAwMDAwMDAwMDAwfX0=",
          "dependencies": [
            "azurerm_resource_group.res-1",
            "azurerm_virtual_network.res-33"
          ]
        }
      ]
    },
    {
      "mode": "managed",
      "type": "azurerm_subnet",
      "name": "res-36",
      "provider": "provider[\"registry.terraform.io/hashicorp/azurerm\"]",
      "instances": [
        {
          "schema_version": 0,
          "attributes": {
            "address_prefixes": [
              "192.168.0.0/27"
            ],
            "delegation": [],
            "enforce_private_link_endpoint_network_policies": false,
            "enforce_private_link_service_network_policies": false,
            "id": "/subscriptions/21e1ef34-0963-45a7-adf0-9ec348b85362/resourceGroups/rg-jlab-branch01/providers/Microsoft.Network/virtualNetworks/vnet-jlab-branch01/subnets/GatewaySubnet",
            "name": "GatewaySubnet",
            "private_endpoint_network_policies_enabled": true,
            "private_link_service_network_policies_enabled": true,
            "resource_group_name": "rg-jlab-branch01",
            "service_endpoint_policy_ids": [],
            "service_endpoints": [],
            "timeouts": null,
            "virtual_network_name": "vnet-jlab-branch01"
          },
          "sensitive_attributes": [],
          "private": "eyJlMmJmYjczMC1lY2FhLTExZTYtOGY4OC0zNDM2M2JjN2M0YzAiOnsiY3JlYXRlIjoxODAwMDAwMDAwMDAwLCJkZWxldGUiOjE4MDAwMDAwMDAwMDAsInJlYWQiOjMwMDAwMDAwMDAwMCwidXBkYXRlIjoxODAwMDAwMDAwMDAwfX0=",
          "dependencies": [
            "azurerm_resource_group.res-1",
            "azurerm_virtual_network.res-33"
          ]
        }
      ]
    },
    {
      "mode": "managed",
      "type": "azurerm_virtual_machine_extension",
      "name": "res-3",
      "provider": "provider[\"registry.terraform.io/hashicorp/azurerm\"]",
      "instances": [
        {
          "schema_version": 0,
          "attributes": {
            "auto_upgrade_minor_version": true,
            "automatic_upgrade_enabled": true,
            "failure_suppression_enabled": false,
            "id": "/subscriptions/21e1ef34-0963-45a7-adf0-9ec348b85362/resourceGroups/rg-jlab-branch01/providers/Microsoft.Compute/virtualMachines/vmjlabbr01srv/extensions/AzurePolicyforWindows",
            "name": "AzurePolicyforWindows",
            "protected_settings": null,
            "protected_settings_from_key_vault": [],
            "provision_after_extensions": [],
            "publisher": "Microsoft.GuestConfiguration",
            "settings": null,
            "tags": {},
            "timeouts": null,
            "type": "ConfigurationforWindows",
            "type_handler_version": "1.1",
            "virtual_machine_id": "/subscriptions/21e1ef34-0963-45a7-adf0-9ec348b85362/resourceGroups/rg-jlab-branch01/providers/Microsoft.Compute/virtualMachines/vmjlabbr01srv"
          },
          "sensitive_attributes": [],
          "private": "eyJlMmJmYjczMC1lY2FhLTExZTYtOGY4OC0zNDM2M2JjN2M0YzAiOnsiY3JlYXRlIjoxODAwMDAwMDAwMDAwLCJkZWxldGUiOjE4MDAwMDAwMDAwMDAsInJlYWQiOjMwMDAwMDAwMDAwMCwidXBkYXRlIjoxODAwMDAwMDAwMDAwfX0=",
          "dependencies": [
            "azurerm_network_interface.res-24",
            "azurerm_public_ip.res-29",
            "azurerm_resource_group.res-1",
            "azurerm_windows_virtual_machine.res-2"
          ]
        }
      ]
    },
    {
      "mode": "managed",
      "type": "azurerm_virtual_machine_extension",
      "name": "res-4",
      "provider": "provider[\"registry.terraform.io/hashicorp/azurerm\"]",
      "instances": [
        {
          "schema_version": 0,
          "attributes": {
            "auto_upgrade_minor_version": true,
            "automatic_upgrade_enabled": false,
            "failure_suppression_enabled": false,
            "id": "/subscriptions/21e1ef34-0963-45a7-adf0-9ec348b85362/resourceGroups/rg-jlab-branch01/providers/Microsoft.Compute/virtualMachines/vmjlabbr01srv/extensions/DependencyAgentWindows",
            "name": "DependencyAgentWindows",
            "protected_settings": null,
            "protected_settings_from_key_vault": [],
            "provision_after_extensions": [],
            "publisher": "Microsoft.Azure.Monitoring.DependencyAgent",
            "settings": null,
            "tags": {},
            "timeouts": null,
            "type": "DependencyAgentWindows",
            "type_handler_version": "9.10",
            "virtual_machine_id": "/subscriptions/21e1ef34-0963-45a7-adf0-9ec348b85362/resourceGroups/rg-jlab-branch01/providers/Microsoft.Compute/virtualMachines/vmjlabbr01srv"
          },
          "sensitive_attributes": [],
          "private": "eyJlMmJmYjczMC1lY2FhLTExZTYtOGY4OC0zNDM2M2JjN2M0YzAiOnsiY3JlYXRlIjoxODAwMDAwMDAwMDAwLCJkZWxldGUiOjE4MDAwMDAwMDAwMDAsInJlYWQiOjMwMDAwMDAwMDAwMCwidXBkYXRlIjoxODAwMDAwMDAwMDAwfX0=",
          "dependencies": [
            "azurerm_network_interface.res-24",
            "azurerm_public_ip.res-29",
            "azurerm_resource_group.res-1",
            "azurerm_windows_virtual_machine.res-2"
          ]
        }
      ]
    },
    {
      "mode": "managed",
      "type": "azurerm_virtual_machine_extension",
      "name": "res-6",
      "provider": "provider[\"registry.terraform.io/hashicorp/azurerm\"]",
      "instances": [
        {
          "schema_version": 0,
          "attributes": {
            "auto_upgrade_minor_version": false,
            "automatic_upgrade_enabled": false,
            "failure_suppression_enabled": false,
            "id": "/subscriptions/21e1ef34-0963-45a7-adf0-9ec348b85362/resourceGroups/rg-jlab-branch01/providers/Microsoft.Compute/virtualMachines/vmjlabbr01srv/extensions/WindowsAgent.AzureSecurityCenter",
            "name": "WindowsAgent.AzureSecurityCenter",
            "protected_settings": null,
            "protected_settings_from_key_vault": [],
            "provision_after_extensions": [],
            "publisher": "Qualys",
            "settings": "{\"GrayLabel\":{\"CustomerID\":\"a58a32b1-cb6c-4add-b54a-e333a078870f\",\"ResourceID\":\"955d4cd2-8a35-50d5-230a-c0385c10f54b\"},\"LicenseCode\":\"eyJjaWQiOiI2YmVmMTdlZC0xNjUyLWM0YWQtODFlOC05ZWQ4N2YyM2I0ZDIiLCJhaWQiOiIwZGJkNDlkMC02ODk4LTQ4ZTgtOThkZC1mNjU2NTg1N2ZkNDAiLCJwd3NVcmwiOiJodHRwczovL3FhZ3B1YmxpYy5xZzMuYXBwcy5xdWFseXMuY29tL0Nsb3VkQWdlbnQvIiwicHdzUG9ydCI6IjQ0MyJ9\"}",
            "tags": {},
            "timeouts": null,
            "type": "WindowsAgent.AzureSecurityCenter",
            "type_handler_version": "1.0",
            "virtual_machine_id": "/subscriptions/21e1ef34-0963-45a7-adf0-9ec348b85362/resourceGroups/rg-jlab-branch01/providers/Microsoft.Compute/virtualMachines/vmjlabbr01srv"
          },
          "sensitive_attributes": [],
          "private": "eyJlMmJmYjczMC1lY2FhLTExZTYtOGY4OC0zNDM2M2JjN2M0YzAiOnsiY3JlYXRlIjoxODAwMDAwMDAwMDAwLCJkZWxldGUiOjE4MDAwMDAwMDAwMDAsInJlYWQiOjMwMDAwMDAwMDAwMCwidXBkYXRlIjoxODAwMDAwMDAwMDAwfX0=",
          "dependencies": [
            "azurerm_network_interface.res-24",
            "azurerm_public_ip.res-29",
            "azurerm_resource_group.res-1",
            "azurerm_windows_virtual_machine.res-2"
          ]
        }
      ]
    },
    {
      "mode": "managed",
      "type": "azurerm_virtual_network",
      "name": "res-33",
      "provider": "provider[\"registry.terraform.io/hashicorp/azurerm\"]",
      "instances": [
        {
          "schema_version": 0,
          "attributes": {
            "address_space": [
              "192.168.0.0/16"
            ],
            "bgp_community": "",
            "ddos_protection_plan": [],
            "dns_servers": [],
            "edge_zone": "",
            "encryption": [],
            "flow_timeout_in_minutes": 0,
            "guid": "acdf86da-ad5e-4bb3-afd9-9b1749941073",
            "id": "/subscriptions/21e1ef34-0963-45a7-adf0-9ec348b85362/resourceGroups/rg-jlab-branch01/providers/Microsoft.Network/virtualNetworks/vnet-jlab-branch01",
            "location": "centralus",
            "name": "vnet-jlab-branch01",
            "resource_group_name": "rg-jlab-branch01",
            "subnet": [
              {
                "address_prefix": "192.168.0.0/27",
                "id": "/subscriptions/21e1ef34-0963-45a7-adf0-9ec348b85362/resourceGroups/rg-jlab-branch01/providers/Microsoft.Network/virtualNetworks/vnet-jlab-branch01/subnets/GatewaySubnet",
                "name": "GatewaySubnet",
                "security_group": ""
              },
              {
                "address_prefix": "192.168.1.0/24",
                "id": "/subscriptions/21e1ef34-0963-45a7-adf0-9ec348b85362/resourceGroups/rg-jlab-branch01/providers/Microsoft.Network/virtualNetworks/vnet-jlab-branch01/subnets/Compute",
                "name": "Compute",
                "security_group": "/subscriptions/21e1ef34-0963-45a7-adf0-9ec348b85362/resourceGroups/rg-jlab-branch01/providers/Microsoft.Network/networkSecurityGroups/vnet-jlab-branch01-Compute-nsg-centralus"
              }
            ],
            "tags": {},
            "timeouts": null
          },
          "sensitive_attributes": [],
          "private": "eyJlMmJmYjczMC1lY2FhLTExZTYtOGY4OC0zNDM2M2JjN2M0YzAiOnsiY3JlYXRlIjoxODAwMDAwMDAwMDAwLCJkZWxldGUiOjE4MDAwMDAwMDAwMDAsInJlYWQiOjMwMDAwMDAwMDAwMCwidXBkYXRlIjoxODAwMDAwMDAwMDAwfX0=",
          "dependencies": [
            "azurerm_resource_group.res-1"
          ]
        }
      ]
    },
    {
      "mode": "managed",
      "type": "azurerm_virtual_network_gateway",
      "name": "res-32",
      "provider": "provider[\"registry.terraform.io/hashicorp/azurerm\"]",
      "instances": [
        {
          "schema_version": 0,
          "attributes": {
            "active_active": true,
            "bgp_route_translation_for_nat_enabled": false,
            "bgp_settings": [
              {
                "asn": 65533,
                "peer_weight": 0,
                "peering_addresses": [
                  {
                    "apipa_addresses": [],
                    "default_addresses": [
                      "192.168.0.6"
                    ],
                    "ip_configuration_name": "default",
                    "tunnel_ip_addresses": [
                      "52.176.211.121",
                      "192.168.0.4"
                    ]
                  },
                  {
                    "apipa_addresses": [],
                    "default_addresses": [
                      "192.168.0.7"
                    ],
                    "ip_configuration_name": "activeActive",
                    "tunnel_ip_addresses": [
                      "52.176.210.72",
                      "192.168.0.5"
                    ]
                  }
                ]
              }
            ],
            "custom_route": [],
            "default_local_network_gateway_id": null,
            "dns_forwarding_enabled": false,
            "edge_zone": "",
            "enable_bgp": true,
            "generation": "Generation1",
            "id": "/subscriptions/21e1ef34-0963-45a7-adf0-9ec348b85362/resourceGroups/rg-jlab-branch01/providers/Microsoft.Network/virtualNetworkGateways/vngw-jlab-branch01",
            "ip_configuration": [
              {
                "name": "default",
                "private_ip_address_allocation": "Dynamic",
                "public_ip_address_id": "/subscriptions/21e1ef34-0963-45a7-adf0-9ec348b85362/resourceGroups/rg-jlab-branch01/providers/Microsoft.Network/publicIPAddresses/vngw-jlab-branch01-pip",
                "subnet_id": "/subscriptions/21e1ef34-0963-45a7-adf0-9ec348b85362/resourceGroups/rg-jlab-branch01/providers/Microsoft.Network/virtualNetworks/vnet-jlab-branch01/subnets/GatewaySubnet"
              },
              {
                "name": "activeActive",
                "private_ip_address_allocation": "Dynamic",
                "public_ip_address_id": "/subscriptions/21e1ef34-0963-45a7-adf0-9ec348b85362/resourceGroups/rg-jlab-branch01/providers/Microsoft.Network/publicIPAddresses/vngw-jlab-branch01-pip1",
                "subnet_id": "/subscriptions/21e1ef34-0963-45a7-adf0-9ec348b85362/resourceGroups/rg-jlab-branch01/providers/Microsoft.Network/virtualNetworks/vnet-jlab-branch01/subnets/GatewaySubnet"
              }
            ],
            "ip_sec_replay_protection_enabled": true,
            "location": "centralus",
            "name": "vngw-jlab-branch01",
            "policy_group": [],
            "private_ip_address_enabled": true,
            "remote_vnet_traffic_enabled": false,
            "resource_group_name": "rg-jlab-branch01",
            "sku": "VpnGw2",
            "tags": {},
            "timeouts": null,
            "type": "Vpn",
            "virtual_wan_traffic_enabled": false,
            "vpn_client_configuration": [],
            "vpn_type": "RouteBased"
          },
          "sensitive_attributes": [],
          "private": "eyJlMmJmYjczMC1lY2FhLTExZTYtOGY4OC0zNDM2M2JjN2M0YzAiOnsiY3JlYXRlIjo1NDAwMDAwMDAwMDAwLCJkZWxldGUiOjM2MDAwMDAwMDAwMDAsInJlYWQiOjMwMDAwMDAwMDAwMCwidXBkYXRlIjozNjAwMDAwMDAwMDAwfX0=",
          "dependencies": [
            "azurerm_public_ip.res-31",
            "azurerm_resource_group.res-1",
            "azurerm_subnet.res-36",
            "azurerm_virtual_network.res-33"
          ]
        }
      ]
    },
    {
      "mode": "managed",
      "type": "azurerm_virtual_network_gateway_connection",
      "name": "res-20",
      "provider": "provider[\"registry.terraform.io/hashicorp/azurerm\"]",
      "instances": [
        {
          "schema_version": 0,
          "attributes": {
            "authorization_key": "",
            "connection_mode": "Default",
            "connection_protocol": "IKEv2",
            "custom_bgp_addresses": [],
            "dpd_timeout_seconds": 45,
            "egress_nat_rule_ids": [],
            "enable_bgp": true,
            "express_route_circuit_id": null,
            "express_route_gateway_bypass": false,
            "id": "/subscriptions/21e1ef34-0963-45a7-adf0-9ec348b85362/resourceGroups/rg-jlab-branch01/providers/Microsoft.Network/connections/s2s-vwan-hub-scus-primary",
            "ingress_nat_rule_ids": [],
            "ipsec_policy": [],
            "local_azure_ip_address_enabled": false,
            "local_network_gateway_id": "/subscriptions/21e1ef34-0963-45a7-adf0-9ec348b85362/resourceGroups/rg-jlab-branch01/providers/Microsoft.Network/localNetworkGateways/lngw-vwan-jlab-primary",
            "location": "centralus",
            "name": "s2s-vwan-hub-scus-primary",
            "peer_virtual_network_gateway_id": null,
            "resource_group_name": "rg-jlab-branch01",
            "routing_weight": 0,
            "shared_key": "SharedKey2024",
            "tags": {},
            "timeouts": null,
            "traffic_selector_policy": [],
            "type": "IPsec",
            "use_policy_based_traffic_selectors": false,
            "virtual_network_gateway_id": "/subscriptions/21e1ef34-0963-45a7-adf0-9ec348b85362/resourceGroups/rg-jlab-branch01/providers/Microsoft.Network/virtualNetworkGateways/vngw-jlab-branch01"
          },
          "sensitive_attributes": [],
          "private": "eyJlMmJmYjczMC1lY2FhLTExZTYtOGY4OC0zNDM2M2JjN2M0YzAiOnsiY3JlYXRlIjoxODAwMDAwMDAwMDAwLCJkZWxldGUiOjE4MDAwMDAwMDAwMDAsInJlYWQiOjMwMDAwMDAwMDAwMCwidXBkYXRlIjoxODAwMDAwMDAwMDAwfX0=",
          "dependencies": [
            "azurerm_local_network_gateway.res-22",
            "azurerm_public_ip.res-31",
            "azurerm_resource_group.res-1",
            "azurerm_subnet.res-36",
            "azurerm_virtual_network.res-33",
            "azurerm_virtual_network_gateway.res-32"
          ]
        }
      ]
    },
    {
      "mode": "managed",
      "type": "azurerm_virtual_network_gateway_connection",
      "name": "res-21",
      "provider": "provider[\"registry.terraform.io/hashicorp/azurerm\"]",
      "instances": [
        {
          "schema_version": 0,
          "attributes": {
            "authorization_key": "",
            "connection_mode": "Default",
            "connection_protocol": "IKEv2",
            "custom_bgp_addresses": [],
            "dpd_timeout_seconds": 45,
            "egress_nat_rule_ids": [],
            "enable_bgp": true,
            "express_route_circuit_id": null,
            "express_route_gateway_bypass": false,
            "id": "/subscriptions/21e1ef34-0963-45a7-adf0-9ec348b85362/resourceGroups/rg-jlab-branch01/providers/Microsoft.Network/connections/s2s-vwan-hub-scus-secondary",
            "ingress_nat_rule_ids": [],
            "ipsec_policy": [],
            "local_azure_ip_address_enabled": false,
            "local_network_gateway_id": "/subscriptions/21e1ef34-0963-45a7-adf0-9ec348b85362/resourceGroups/rg-jlab-branch01/providers/Microsoft.Network/localNetworkGateways/lngw-vwan-jlab-secondary",
            "location": "centralus",
            "name": "s2s-vwan-hub-scus-secondary",
            "peer_virtual_network_gateway_id": null,
            "resource_group_name": "rg-jlab-branch01",
            "routing_weight": 0,
            "shared_key": "SharedKey2024",
            "tags": {},
            "timeouts": null,
            "traffic_selector_policy": [],
            "type": "IPsec",
            "use_policy_based_traffic_selectors": false,
            "virtual_network_gateway_id": "/subscriptions/21e1ef34-0963-45a7-adf0-9ec348b85362/resourceGroups/rg-jlab-branch01/providers/Microsoft.Network/virtualNetworkGateways/vngw-jlab-branch01"
          },
          "sensitive_attributes": [],
          "private": "eyJlMmJmYjczMC1lY2FhLTExZTYtOGY4OC0zNDM2M2JjN2M0YzAiOnsiY3JlYXRlIjoxODAwMDAwMDAwMDAwLCJkZWxldGUiOjE4MDAwMDAwMDAwMDAsInJlYWQiOjMwMDAwMDAwMDAwMCwidXBkYXRlIjoxODAwMDAwMDAwMDAwfX0=",
          "dependencies": [
            "azurerm_local_network_gateway.res-23",
            "azurerm_public_ip.res-31",
            "azurerm_resource_group.res-1",
            "azurerm_subnet.res-36",
            "azurerm_virtual_network.res-33",
            "azurerm_virtual_network_gateway.res-32"
          ]
        }
      ]
    },
    {
      "mode": "managed",
      "type": "azurerm_windows_virtual_machine",
      "name": "res-2",
      "provider": "provider[\"registry.terraform.io/hashicorp/azurerm\"]",
      "instances": [
        {
          "schema_version": 0,
          "attributes": {
            "additional_capabilities": [
              {
                "ultra_ssd_enabled": false
              }
            ],
            "additional_unattend_content": [],
            "admin_password": "SecretP@ssw0rd",
            "admin_username": "joe",
            "allow_extension_operations": true,
            "availability_set_id": "",
            "boot_diagnostics": [
              {
                "storage_account_uri": ""
              }
            ],
            "bypass_platform_safety_checks_on_user_schedule_enabled": true,
            "capacity_reservation_group_id": "",
            "computer_name": "vmjlabbr01srv",
            "custom_data": null,
            "dedicated_host_group_id": "",
            "dedicated_host_id": "",
            "disk_controller_type": "SCSI",
            "edge_zone": "",
            "enable_automatic_updates": true,
            "encryption_at_host_enabled": false,
            "eviction_policy": "",
            "extensions_time_budget": "PT1H30M",
            "gallery_application": [],
            "hotpatching_enabled": false,
            "id": "/subscriptions/21e1ef34-0963-45a7-adf0-9ec348b85362/resourceGroups/rg-jlab-branch01/providers/Microsoft.Compute/virtualMachines/vmjlabbr01srv",
            "identity": [
              {
                "identity_ids": [],
                "principal_id": "3fffbe88-5dc6-4fb6-8a60-c47757a2bf46",
                "tenant_id": "11d3b903-67a9-4a3d-ae57-938b6ece3b4b",
                "type": "SystemAssigned"
              }
            ],
            "license_type": "Windows_Server",
            "location": "centralus",
            "max_bid_price": -1,
            "name": "vmjlabbr01srv",
            "network_interface_ids": [
              "/subscriptions/21e1ef34-0963-45a7-adf0-9ec348b85362/resourceGroups/rg-jlab-branch01/providers/Microsoft.Network/networkInterfaces/vmjlabbr01srv139"
            ],
            "os_disk": [
              {
                "caching": "ReadWrite",
                "diff_disk_settings": [],
                "disk_encryption_set_id": "",
                "disk_size_gb": 127,
                "name": "vmjlabbr01srv_OsDisk_1_4a69f6f6a94d483686d7d638ec7a2aac",
                "secure_vm_disk_encryption_set_id": "",
                "security_encryption_type": "",
                "storage_account_type": "Standard_LRS",
                "write_accelerator_enabled": false
              }
            ],
            "os_image_notification": [],
            "patch_assessment_mode": "AutomaticByPlatform",
            "patch_mode": "AutomaticByPlatform",
            "plan": [],
            "platform_fault_domain": -1,
            "priority": "Regular",
            "private_ip_address": "192.168.1.4",
            "private_ip_addresses": [
              "192.168.1.4"
            ],
            "provision_vm_agent": true,
            "proximity_placement_group_id": "",
            "public_ip_address": "52.176.210.212",
            "public_ip_addresses": [
              "52.176.210.212"
            ],
            "reboot_setting": "",
            "resource_group_name": "rg-jlab-branch01",
            "secret": [],
            "secure_boot_enabled": false,
            "size": "Standard_B2s",
            "source_image_id": "",
            "source_image_reference": [
              {
                "offer": "WindowsServer",
                "publisher": "MicrosoftWindowsServer",
                "sku": "2019-datacenter-gensecond",
                "version": "latest"
              }
            ],
            "tags": {},
            "termination_notification": [],
            "timeouts": null,
            "timezone": "",
            "user_data": "",
            "virtual_machine_id": "5d032dd7-3935-4e5e-a257-0b9bdcf37959",
            "virtual_machine_scale_set_id": "",
            "vm_agent_platform_updates_enabled": false,
            "vtpm_enabled": false,
            "winrm_listener": [],
            "zone": ""
          },
          "sensitive_attributes": [],
          "private": "eyJlMmJmYjczMC1lY2FhLTExZTYtOGY4OC0zNDM2M2JjN2M0YzAiOnsiY3JlYXRlIjoyNzAwMDAwMDAwMDAwLCJkZWxldGUiOjI3MDAwMDAwMDAwMDAsInJlYWQiOjMwMDAwMDAwMDAwMCwidXBkYXRlIjoyNzAwMDAwMDAwMDAwfX0=",
          "dependencies": [
            "azurerm_network_interface.res-24",
            "azurerm_public_ip.res-29",
            "azurerm_resource_group.res-1"
          ]
        }
      ]
    }
  ]
}
