{
  "version": 4,
  "terraform_version": "1.2.2",
  "serial": 253,
  "lineage": "ae478495-f387-7797-49cf-ca25c21cc75f",
  "outputs": {},
  "resources": [
    {
      "mode": "managed",
      "type": "azurerm_dev_test_global_vm_shutdown_schedule",
      "name": "res-8",
      "provider": "provider[\"registry.terraform.io/hashicorp/azurerm\"]",
      "instances": [
        {
          "schema_version": 0,
          "attributes": {
            "daily_recurrence_time": "1900",
            "enabled": true,
            "id": "/subscriptions/21e1ef34-0963-45a7-adf0-9ec348b85362/resourceGroups/rg-jlab-vwan/providers/Microsoft.DevTestLab/schedules/shutdown-computevm-vmjlablz1srv01",
            "location": "southcentralus",
            "notification_settings": [
              {
                "email": "admin@MngEnv024722.onmicrosoft.com",
                "enabled": true,
                "time_in_minutes": 30,
                "webhook_url": ""
              }
            ],
            "tags": null,
            "timeouts": null,
            "timezone": "Central Standard Time",
            "virtual_machine_id": "/subscriptions/21e1ef34-0963-45a7-adf0-9ec348b85362/resourceGroups/rg-jlab-vwan/providers/Microsoft.Compute/virtualMachines/vmjlablz1srv01"
          },
          "sensitive_attributes": [],
          "private": "eyJlMmJmYjczMC1lY2FhLTExZTYtOGY4OC0zNDM2M2JjN2M0YzAiOnsiY3JlYXRlIjoxODAwMDAwMDAwMDAwLCJkZWxldGUiOjE4MDAwMDAwMDAwMDAsInJlYWQiOjMwMDAwMDAwMDAwMCwidXBkYXRlIjoxODAwMDAwMDAwMDAwfX0=",
          "dependencies": [
            "azurerm_network_interface.res-18",
            "azurerm_public_ip.res-30",
            "azurerm_windows_virtual_machine.res-3"
          ]
        }
      ]
    },
    {
      "mode": "managed",
      "type": "azurerm_network_interface",
      "name": "res-18",
      "provider": "provider[\"registry.terraform.io/hashicorp/azurerm\"]",
      "instances": [
        {
          "schema_version": 0,
          "attributes": {
            "applied_dns_servers": [],
            "auxiliary_mode": "",
            "auxiliary_sku": "",
            "dns_servers": [],
            "edge_zone": "",
            "enable_accelerated_networking": false,
            "enable_ip_forwarding": false,
            "id": "/subscriptions/21e1ef34-0963-45a7-adf0-9ec348b85362/resourceGroups/rg-jlab-vwan/providers/Microsoft.Network/networkInterfaces/vmjlablz1srv01738",
            "internal_dns_name_label": "",
            "internal_domain_name_suffix": "ihiukknkp1deflhglanqdnjq0f.jx.internal.cloudapp.net",
            "ip_configuration": [
              {
                "gateway_load_balancer_frontend_ip_configuration_id": "",
                "name": "ipconfig1",
                "primary": true,
                "private_ip_address": "10.22.1.4",
                "private_ip_address_allocation": "Dynamic",
                "private_ip_address_version": "IPv4",
                "public_ip_address_id": "/subscriptions/21e1ef34-0963-45a7-adf0-9ec348b85362/resourceGroups/rg-jlab-vwan/providers/Microsoft.Network/publicIPAddresses/vmjlablz1srv01-ip",
                "subnet_id": "/subscriptions/21e1ef34-0963-45a7-adf0-9ec348b85362/resourceGroups/rg-jlab-vwan/providers/Microsoft.Network/virtualNetworks/vnet-vwan-jlab-scus/subnets/Compute"
              }
            ],
            "location": "southcentralus",
            "mac_address": "",
            "name": "vmjlablz1srv01738",
            "private_ip_address": "10.22.1.4",
            "private_ip_addresses": [
              "10.22.1.4"
            ],
            "resource_group_name": "rg-jlab-vwan",
            "tags": null,
            "timeouts": null,
            "virtual_machine_id": ""
          },
          "sensitive_attributes": [],
          "private": "eyJlMmJmYjczMC1lY2FhLTExZTYtOGY4OC0zNDM2M2JjN2M0YzAiOnsiY3JlYXRlIjoxODAwMDAwMDAwMDAwLCJkZWxldGUiOjE4MDAwMDAwMDAwMDAsInJlYWQiOjMwMDAwMDAwMDAwMCwidXBkYXRlIjoxODAwMDAwMDAwMDAwfX0=",
          "dependencies": [
            "azurerm_public_ip.res-30"
          ]
        }
      ]
    },
    {
      "mode": "managed",
      "type": "azurerm_network_manager",
      "name": "res-19",
      "provider": "provider[\"registry.terraform.io/hashicorp/azurerm\"]",
      "instances": [
        {
          "schema_version": 0,
          "attributes": {
            "cross_tenant_scopes": [],
            "description": "Virtual Network Manager for SCUS hub",
            "id": "/subscriptions/21e1ef34-0963-45a7-adf0-9ec348b85362/resourceGroups/rg-jlab-vwan/providers/Microsoft.Network/networkManagers/vnm-jlab-hub-scus",
            "location": "southcentralus",
            "name": "vnm-jlab-hub-scus",
            "resource_group_name": "rg-jlab-vwan",
            "scope": [
              {
                "management_group_ids": [
                  "/providers/Microsoft.Management/managementGroups/JoesLab-corp",
                  "/providers/Microsoft.Management/managementGroups/JoesLab-online",
                  "/providers/Microsoft.Management/managementGroups/JoesLab-connectivity"
                ],
                "subscription_ids": []
              }
            ],
            "scope_accesses": [
              "Connectivity",
              "SecurityAdmin"
            ],
            "tags": {},
            "timeouts": null
          },
          "sensitive_attributes": [],
          "private": "eyJlMmJmYjczMC1lY2FhLTExZTYtOGY4OC0zNDM2M2JjN2M0YzAiOnsiY3JlYXRlIjoxODAwMDAwMDAwMDAwLCJkZWxldGUiOjE4MDAwMDAwMDAwMDAsInJlYWQiOjMwMDAwMDAwMDAwMCwidXBkYXRlIjoxODAwMDAwMDAwMDAwfX0=",
          "dependencies": [
            "azurerm_resource_group.res-2"
          ]
        }
      ]
    },
    {
      "mode": "managed",
      "type": "azurerm_network_manager_network_group",
      "name": "res-20",
      "provider": "provider[\"registry.terraform.io/hashicorp/azurerm\"]",
      "instances": [
        {
          "schema_version": 0,
          "attributes": {
            "description": "",
            "id": "/subscriptions/21e1ef34-0963-45a7-adf0-9ec348b85362/resourceGroups/rg-jlab-vwan/providers/Microsoft.Network/networkManagers/vnm-jlab-hub-scus/networkGroups/netgroup-01",
            "name": "netgroup-01",
            "network_manager_id": "/subscriptions/21e1ef34-0963-45a7-adf0-9ec348b85362/resourceGroups/rg-jlab-vwan/providers/Microsoft.Network/networkManagers/vnm-jlab-hub-scus",
            "timeouts": null
          },
          "sensitive_attributes": [],
          "private": "eyJlMmJmYjczMC1lY2FhLTExZTYtOGY4OC0zNDM2M2JjN2M0YzAiOnsiY3JlYXRlIjoxODAwMDAwMDAwMDAwLCJkZWxldGUiOjE4MDAwMDAwMDAwMDAsInJlYWQiOjMwMDAwMDAwMDAwMCwidXBkYXRlIjoxODAwMDAwMDAwMDAwfX0=",
          "dependencies": [
            "azurerm_network_manager.res-19",
            "azurerm_resource_group.res-2"
          ]
        }
      ]
    },
    {
      "mode": "managed",
      "type": "azurerm_network_manager_static_member",
      "name": "res-21",
      "provider": "provider[\"registry.terraform.io/hashicorp/azurerm\"]",
      "instances": [
        {
          "schema_version": 0,
          "attributes": {
            "id": "/subscriptions/21e1ef34-0963-45a7-adf0-9ec348b85362/resourceGroups/rg-jlab-vwan/providers/Microsoft.Network/networkManagers/vnm-jlab-hub-scus/networkGroups/netgroup-01/staticMembers/ANM_qlz8d3r6li",
            "name": "ANM_qlz8d3r6li",
            "network_group_id": "/subscriptions/21e1ef34-0963-45a7-adf0-9ec348b85362/resourceGroups/rg-jlab-vwan/providers/Microsoft.Network/networkManagers/vnm-jlab-hub-scus/networkGroups/netgroup-01",
            "region": "",
            "target_virtual_network_id": "/subscriptions/21e1ef34-0963-45a7-adf0-9ec348b85362/resourceGroups/rg-jlab-vwan/providers/Microsoft.Network/virtualNetworks/vnet-vwan-jlab-scus",
            "timeouts": null
          },
          "sensitive_attributes": [],
          "private": "eyJlMmJmYjczMC1lY2FhLTExZTYtOGY4OC0zNDM2M2JjN2M0YzAiOnsiY3JlYXRlIjoxODAwMDAwMDAwMDAwLCJkZWxldGUiOjE4MDAwMDAwMDAwMDAsInJlYWQiOjMwMDAwMDAwMDAwMH19",
          "dependencies": [
            "azurerm_network_manager.res-19",
            "azurerm_network_manager_network_group.res-20",
            "azurerm_resource_group.res-2",
            "azurerm_virtual_network.res-37"
          ]
        }
      ]
    },
    {
      "mode": "managed",
      "type": "azurerm_network_security_group",
      "name": "res-22",
      "provider": "provider[\"registry.terraform.io/hashicorp/azurerm\"]",
      "instances": [
        {
          "schema_version": 0,
          "attributes": {
            "id": "/subscriptions/21e1ef34-0963-45a7-adf0-9ec348b85362/resourceGroups/rg-jlab-vwan/providers/Microsoft.Network/networkSecurityGroups/vnet-vwan-jlab-scus-Compute-nsg-southcentralus",
            "location": "southcentralus",
            "name": "vnet-vwan-jlab-scus-Compute-nsg-southcentralus",
            "resource_group_name": "rg-jlab-vwan",
            "security_rule": [
              {
                "access": "Allow",
                "description": "CSS Governance Security Rule.  Allow Corpnet inbound.  https://aka.ms/casg",
                "destination_address_prefix": "*",
                "destination_address_prefixes": [],
                "destination_application_security_group_ids": [],
                "destination_port_range": "*",
                "destination_port_ranges": [],
                "direction": "Inbound",
                "name": "AllowCorpnet",
                "priority": 2700,
                "protocol": "*",
                "source_address_prefix": "CorpNetPublic",
                "source_address_prefixes": [],
                "source_application_security_group_ids": [],
                "source_port_range": "*",
                "source_port_ranges": []
              },
              {
                "access": "Allow",
                "description": "CSS Governance Security Rule.  Allow SAW inbound.  https://aka.ms/casg",
                "destination_address_prefix": "*",
                "destination_address_prefixes": [],
                "destination_application_security_group_ids": [],
                "destination_port_range": "*",
                "destination_port_ranges": [],
                "direction": "Inbound",
                "name": "AllowSAW",
                "priority": 2701,
                "protocol": "*",
                "source_address_prefix": "CorpNetSaw",
                "source_address_prefixes": [],
                "source_application_security_group_ids": [],
                "source_port_range": "*",
                "source_port_ranges": []
              },
              {
                "access": "Deny",
                "description": "",
                "destination_address_prefix": "*",
                "destination_address_prefixes": [],
                "destination_application_security_group_ids": [],
                "destination_port_range": "3389",
                "destination_port_ranges": [],
                "direction": "Inbound",
                "name": "DenyAnyRDPInbound",
                "priority": 3000,
                "protocol": "Tcp",
                "source_address_prefix": "*",
                "source_address_prefixes": [],
                "source_application_security_group_ids": [],
                "source_port_range": "*",
                "source_port_ranges": []
              },
              {
                "access": "Deny",
                "description": "MDC JIT Network Access rule for policy 'default' of VM 'vmjlablz1srv01'.",
                "destination_address_prefix": "10.22.1.4",
                "destination_address_prefixes": [],
                "destination_application_security_group_ids": [],
                "destination_port_range": "3389",
                "destination_port_ranges": [],
                "direction": "Inbound",
                "name": "MicrosoftDefenderForCloud-JITRule_1030276620_0E61496342FC411D9A9538EADAF5A905",
                "priority": 2900,
                "protocol": "*",
                "source_address_prefix": "*",
                "source_address_prefixes": [],
                "source_application_security_group_ids": [],
                "source_port_range": "*",
                "source_port_ranges": []
              }
            ],
            "tags": {},
            "timeouts": null
          },
          "sensitive_attributes": [],
          "private": "eyJlMmJmYjczMC1lY2FhLTExZTYtOGY4OC0zNDM2M2JjN2M0YzAiOnsiY3JlYXRlIjoxODAwMDAwMDAwMDAwLCJkZWxldGUiOjE4MDAwMDAwMDAwMDAsInJlYWQiOjMwMDAwMDAwMDAwMCwidXBkYXRlIjoxODAwMDAwMDAwMDAwfX0=",
          "dependencies": [
            "azurerm_resource_group.res-2"
          ]
        }
      ]
    },
    {
      "mode": "managed",
      "type": "azurerm_network_security_group",
      "name": "res-27",
      "provider": "provider[\"registry.terraform.io/hashicorp/azurerm\"]",
      "instances": [
        {
          "schema_version": 0,
          "attributes": {
            "id": "/subscriptions/21e1ef34-0963-45a7-adf0-9ec348b85362/resourceGroups/rg-jlab-vwan/providers/Microsoft.Network/networkSecurityGroups/vnet-vwan-jlab-scus-default-nsg-southcentralus",
            "location": "southcentralus",
            "name": "vnet-vwan-jlab-scus-default-nsg-southcentralus",
            "resource_group_name": "rg-jlab-vwan",
            "security_rule": [
              {
                "access": "Allow",
                "description": "CSS Governance Security Rule.  Allow Corpnet inbound.  https://aka.ms/casg",
                "destination_address_prefix": "*",
                "destination_address_prefixes": [],
                "destination_application_security_group_ids": [],
                "destination_port_range": "*",
                "destination_port_ranges": [],
                "direction": "Inbound",
                "name": "AllowCorpnet",
                "priority": 2700,
                "protocol": "*",
                "source_address_prefix": "CorpNetPublic",
                "source_address_prefixes": [],
                "source_application_security_group_ids": [],
                "source_port_range": "*",
                "source_port_ranges": []
              },
              {
                "access": "Allow",
                "description": "CSS Governance Security Rule.  Allow SAW inbound.  https://aka.ms/casg",
                "destination_address_prefix": "*",
                "destination_address_prefixes": [],
                "destination_application_security_group_ids": [],
                "destination_port_range": "*",
                "destination_port_ranges": [],
                "direction": "Inbound",
                "name": "AllowSAW",
                "priority": 2701,
                "protocol": "*",
                "source_address_prefix": "CorpNetSaw",
                "source_address_prefixes": [],
                "source_application_security_group_ids": [],
                "source_port_range": "*",
                "source_port_ranges": []
              }
            ],
            "tags": {},
            "timeouts": null
          },
          "sensitive_attributes": [],
          "private": "eyJlMmJmYjczMC1lY2FhLTExZTYtOGY4OC0zNDM2M2JjN2M0YzAiOnsiY3JlYXRlIjoxODAwMDAwMDAwMDAwLCJkZWxldGUiOjE4MDAwMDAwMDAwMDAsInJlYWQiOjMwMDAwMDAwMDAwMCwidXBkYXRlIjoxODAwMDAwMDAwMDAwfX0=",
          "dependencies": [
            "azurerm_resource_group.res-2"
          ]
        }
      ]
    },
    {
      "mode": "managed",
      "type": "azurerm_network_security_rule",
      "name": "res-23",
      "provider": "provider[\"registry.terraform.io/hashicorp/azurerm\"]",
      "instances": [
        {
          "schema_version": 0,
          "attributes": {
            "access": "Allow",
            "description": "CSS Governance Security Rule.  Allow Corpnet inbound.  https://aka.ms/casg",
            "destination_address_prefix": "*",
            "destination_address_prefixes": [],
            "destination_application_security_group_ids": [],
            "destination_port_range": "*",
            "destination_port_ranges": [],
            "direction": "Inbound",
            "id": "/subscriptions/21e1ef34-0963-45a7-adf0-9ec348b85362/resourceGroups/rg-jlab-vwan/providers/Microsoft.Network/networkSecurityGroups/vnet-vwan-jlab-scus-Compute-nsg-southcentralus/securityRules/AllowCorpnet",
            "name": "AllowCorpnet",
            "network_security_group_name": "vnet-vwan-jlab-scus-Compute-nsg-southcentralus",
            "priority": 2700,
            "protocol": "*",
            "resource_group_name": "rg-jlab-vwan",
            "source_address_prefix": "CorpNetPublic",
            "source_address_prefixes": [],
            "source_application_security_group_ids": [],
            "source_port_range": "*",
            "source_port_ranges": [],
            "timeouts": null
          },
          "sensitive_attributes": [],
          "private": "eyJlMmJmYjczMC1lY2FhLTExZTYtOGY4OC0zNDM2M2JjN2M0YzAiOnsiY3JlYXRlIjoxODAwMDAwMDAwMDAwLCJkZWxldGUiOjE4MDAwMDAwMDAwMDAsInJlYWQiOjMwMDAwMDAwMDAwMCwidXBkYXRlIjoxODAwMDAwMDAwMDAwfX0=",
          "dependencies": [
            "azurerm_network_security_group.res-22",
            "azurerm_resource_group.res-2"
          ]
        }
      ]
    },
    {
      "mode": "managed",
      "type": "azurerm_network_security_rule",
      "name": "res-24",
      "provider": "provider[\"registry.terraform.io/hashicorp/azurerm\"]",
      "instances": [
        {
          "schema_version": 0,
          "attributes": {
            "access": "Allow",
            "description": "CSS Governance Security Rule.  Allow SAW inbound.  https://aka.ms/casg",
            "destination_address_prefix": "*",
            "destination_address_prefixes": [],
            "destination_application_security_group_ids": [],
            "destination_port_range": "*",
            "destination_port_ranges": [],
            "direction": "Inbound",
            "id": "/subscriptions/21e1ef34-0963-45a7-adf0-9ec348b85362/resourceGroups/rg-jlab-vwan/providers/Microsoft.Network/networkSecurityGroups/vnet-vwan-jlab-scus-Compute-nsg-southcentralus/securityRules/AllowSAW",
            "name": "AllowSAW",
            "network_security_group_name": "vnet-vwan-jlab-scus-Compute-nsg-southcentralus",
            "priority": 2701,
            "protocol": "*",
            "resource_group_name": "rg-jlab-vwan",
            "source_address_prefix": "CorpNetSaw",
            "source_address_prefixes": [],
            "source_application_security_group_ids": [],
            "source_port_range": "*",
            "source_port_ranges": [],
            "timeouts": null
          },
          "sensitive_attributes": [],
          "private": "eyJlMmJmYjczMC1lY2FhLTExZTYtOGY4OC0zNDM2M2JjN2M0YzAiOnsiY3JlYXRlIjoxODAwMDAwMDAwMDAwLCJkZWxldGUiOjE4MDAwMDAwMDAwMDAsInJlYWQiOjMwMDAwMDAwMDAwMCwidXBkYXRlIjoxODAwMDAwMDAwMDAwfX0=",
          "dependencies": [
            "azurerm_network_security_group.res-22",
            "azurerm_resource_group.res-2"
          ]
        }
      ]
    },
    {
      "mode": "managed",
      "type": "azurerm_network_security_rule",
      "name": "res-25",
      "provider": "provider[\"registry.terraform.io/hashicorp/azurerm\"]",
      "instances": [
        {
          "schema_version": 0,
          "attributes": {
            "access": "Deny",
            "description": "",
            "destination_address_prefix": "*",
            "destination_address_prefixes": [],
            "destination_application_security_group_ids": [],
            "destination_port_range": "3389",
            "destination_port_ranges": [],
            "direction": "Inbound",
            "id": "/subscriptions/21e1ef34-0963-45a7-adf0-9ec348b85362/resourceGroups/rg-jlab-vwan/providers/Microsoft.Network/networkSecurityGroups/vnet-vwan-jlab-scus-Compute-nsg-southcentralus/securityRules/DenyAnyRDPInbound",
            "name": "DenyAnyRDPInbound",
            "network_security_group_name": "vnet-vwan-jlab-scus-Compute-nsg-southcentralus",
            "priority": 3000,
            "protocol": "Tcp",
            "resource_group_name": "rg-jlab-vwan",
            "source_address_prefix": "*",
            "source_address_prefixes": [],
            "source_application_security_group_ids": [],
            "source_port_range": "*",
            "source_port_ranges": [],
            "timeouts": null
          },
          "sensitive_attributes": [],
          "private": "eyJlMmJmYjczMC1lY2FhLTExZTYtOGY4OC0zNDM2M2JjN2M0YzAiOnsiY3JlYXRlIjoxODAwMDAwMDAwMDAwLCJkZWxldGUiOjE4MDAwMDAwMDAwMDAsInJlYWQiOjMwMDAwMDAwMDAwMCwidXBkYXRlIjoxODAwMDAwMDAwMDAwfX0=",
          "dependencies": [
            "azurerm_network_security_group.res-22",
            "azurerm_resource_group.res-2"
          ]
        }
      ]
    },
    {
      "mode": "managed",
      "type": "azurerm_network_security_rule",
      "name": "res-26",
      "provider": "provider[\"registry.terraform.io/hashicorp/azurerm\"]",
      "instances": [
        {
          "schema_version": 0,
          "attributes": {
            "access": "Deny",
            "description": "MDC JIT Network Access rule for policy 'default' of VM 'vmjlablz1srv01'.",
            "destination_address_prefix": "10.22.1.4",
            "destination_address_prefixes": [],
            "destination_application_security_group_ids": [],
            "destination_port_range": "3389",
            "destination_port_ranges": [],
            "direction": "Inbound",
            "id": "/subscriptions/21e1ef34-0963-45a7-adf0-9ec348b85362/resourceGroups/rg-jlab-vwan/providers/Microsoft.Network/networkSecurityGroups/vnet-vwan-jlab-scus-Compute-nsg-southcentralus/securityRules/MicrosoftDefenderForCloud-JITRule_1030276620_0E61496342FC411D9A9538EADAF5A905",
            "name": "MicrosoftDefenderForCloud-JITRule_1030276620_0E61496342FC411D9A9538EADAF5A905",
            "network_security_group_name": "vnet-vwan-jlab-scus-Compute-nsg-southcentralus",
            "priority": 2900,
            "protocol": "*",
            "resource_group_name": "rg-jlab-vwan",
            "source_address_prefix": "*",
            "source_address_prefixes": [],
            "source_application_security_group_ids": [],
            "source_port_range": "*",
            "source_port_ranges": [],
            "timeouts": null
          },
          "sensitive_attributes": [],
          "private": "eyJlMmJmYjczMC1lY2FhLTExZTYtOGY4OC0zNDM2M2JjN2M0YzAiOnsiY3JlYXRlIjoxODAwMDAwMDAwMDAwLCJkZWxldGUiOjE4MDAwMDAwMDAwMDAsInJlYWQiOjMwMDAwMDAwMDAwMCwidXBkYXRlIjoxODAwMDAwMDAwMDAwfX0=",
          "dependencies": [
            "azurerm_network_security_group.res-22",
            "azurerm_resource_group.res-2"
          ]
        }
      ]
    },
    {
      "mode": "managed",
      "type": "azurerm_network_security_rule",
      "name": "res-28",
      "provider": "provider[\"registry.terraform.io/hashicorp/azurerm\"]",
      "instances": [
        {
          "schema_version": 0,
          "attributes": {
            "access": "Allow",
            "description": "CSS Governance Security Rule.  Allow Corpnet inbound.  https://aka.ms/casg",
            "destination_address_prefix": "*",
            "destination_address_prefixes": [],
            "destination_application_security_group_ids": [],
            "destination_port_range": "*",
            "destination_port_ranges": [],
            "direction": "Inbound",
            "id": "/subscriptions/21e1ef34-0963-45a7-adf0-9ec348b85362/resourceGroups/rg-jlab-vwan/providers/Microsoft.Network/networkSecurityGroups/vnet-vwan-jlab-scus-default-nsg-southcentralus/securityRules/AllowCorpnet",
            "name": "AllowCorpnet",
            "network_security_group_name": "vnet-vwan-jlab-scus-default-nsg-southcentralus",
            "priority": 2700,
            "protocol": "*",
            "resource_group_name": "rg-jlab-vwan",
            "source_address_prefix": "CorpNetPublic",
            "source_address_prefixes": [],
            "source_application_security_group_ids": [],
            "source_port_range": "*",
            "source_port_ranges": [],
            "timeouts": null
          },
          "sensitive_attributes": [],
          "private": "eyJlMmJmYjczMC1lY2FhLTExZTYtOGY4OC0zNDM2M2JjN2M0YzAiOnsiY3JlYXRlIjoxODAwMDAwMDAwMDAwLCJkZWxldGUiOjE4MDAwMDAwMDAwMDAsInJlYWQiOjMwMDAwMDAwMDAwMCwidXBkYXRlIjoxODAwMDAwMDAwMDAwfX0=",
          "dependencies": [
            "azurerm_network_security_group.res-27",
            "azurerm_resource_group.res-2"
          ]
        }
      ]
    },
    {
      "mode": "managed",
      "type": "azurerm_network_security_rule",
      "name": "res-29",
      "provider": "provider[\"registry.terraform.io/hashicorp/azurerm\"]",
      "instances": [
        {
          "schema_version": 0,
          "attributes": {
            "access": "Allow",
            "description": "CSS Governance Security Rule.  Allow SAW inbound.  https://aka.ms/casg",
            "destination_address_prefix": "*",
            "destination_address_prefixes": [],
            "destination_application_security_group_ids": [],
            "destination_port_range": "*",
            "destination_port_ranges": [],
            "direction": "Inbound",
            "id": "/subscriptions/21e1ef34-0963-45a7-adf0-9ec348b85362/resourceGroups/rg-jlab-vwan/providers/Microsoft.Network/networkSecurityGroups/vnet-vwan-jlab-scus-default-nsg-southcentralus/securityRules/AllowSAW",
            "name": "AllowSAW",
            "network_security_group_name": "vnet-vwan-jlab-scus-default-nsg-southcentralus",
            "priority": 2701,
            "protocol": "*",
            "resource_group_name": "rg-jlab-vwan",
            "source_address_prefix": "CorpNetSaw",
            "source_address_prefixes": [],
            "source_application_security_group_ids": [],
            "source_port_range": "*",
            "source_port_ranges": [],
            "timeouts": null
          },
          "sensitive_attributes": [],
          "private": "eyJlMmJmYjczMC1lY2FhLTExZTYtOGY4OC0zNDM2M2JjN2M0YzAiOnsiY3JlYXRlIjoxODAwMDAwMDAwMDAwLCJkZWxldGUiOjE4MDAwMDAwMDAwMDAsInJlYWQiOjMwMDAwMDAwMDAwMCwidXBkYXRlIjoxODAwMDAwMDAwMDAwfX0=",
          "dependencies": [
            "azurerm_network_security_group.res-27",
            "azurerm_resource_group.res-2"
          ]
        }
      ]
    },
    {
      "mode": "managed",
      "type": "azurerm_public_ip",
      "name": "res-30",
      "provider": "provider[\"registry.terraform.io/hashicorp/azurerm\"]",
      "instances": [
        {
          "schema_version": 0,
          "attributes": {
            "allocation_method": "Static",
            "ddos_protection_mode": "VirtualNetworkInherited",
            "ddos_protection_plan_id": null,
            "domain_name_label": null,
            "edge_zone": "",
            "fqdn": null,
            "id": "/subscriptions/21e1ef34-0963-45a7-adf0-9ec348b85362/resourceGroups/rg-jlab-vwan/providers/Microsoft.Network/publicIPAddresses/vmjlablz1srv01-ip",
            "idle_timeout_in_minutes": 4,
            "ip_address": "13.65.38.43",
            "ip_tags": {},
            "ip_version": "IPv4",
            "location": "southcentralus",
            "name": "vmjlablz1srv01-ip",
            "public_ip_prefix_id": null,
            "resource_group_name": "rg-jlab-vwan",
            "reverse_fqdn": null,
            "sku": "Standard",
            "sku_tier": "Regional",
            "tags": {},
            "timeouts": null,
            "zones": []
          },
          "sensitive_attributes": [],
          "private": "eyJlMmJmYjczMC1lY2FhLTExZTYtOGY4OC0zNDM2M2JjN2M0YzAiOnsiY3JlYXRlIjoxODAwMDAwMDAwMDAwLCJkZWxldGUiOjE4MDAwMDAwMDAwMDAsInJlYWQiOjMwMDAwMDAwMDAwMCwidXBkYXRlIjoxODAwMDAwMDAwMDAwfX0=",
          "dependencies": [
            "azurerm_resource_group.res-2"
          ]
        }
      ]
    },
    {
      "mode": "managed",
      "type": "azurerm_resource_group",
      "name": "res-2",
      "provider": "provider[\"registry.terraform.io/hashicorp/azurerm\"]",
      "instances": [
        {
          "schema_version": 0,
          "attributes": {
            "id": "/subscriptions/21e1ef34-0963-45a7-adf0-9ec348b85362/resourceGroups/rg-jlab-vwan",
            "location": "southcentralus",
            "managed_by": "",
            "name": "rg-jlab-vwan",
            "tags": {},
            "timeouts": null
          },
          "sensitive_attributes": [],
          "private": "eyJlMmJmYjczMC1lY2FhLTExZTYtOGY4OC0zNDM2M2JjN2M0YzAiOnsiY3JlYXRlIjo1NDAwMDAwMDAwMDAwLCJkZWxldGUiOjU0MDAwMDAwMDAwMDAsInJlYWQiOjMwMDAwMDAwMDAwMCwidXBkYXRlIjo1NDAwMDAwMDAwMDAwfX0="
        }
      ]
    },
    {
      "mode": "managed",
      "type": "azurerm_subnet",
      "name": "res-38",
      "provider": "provider[\"registry.terraform.io/hashicorp/azurerm\"]",
      "instances": [
        {
          "schema_version": 0,
          "attributes": {
            "address_prefixes": [
              "10.22.1.0/24"
            ],
            "delegation": [],
            "enforce_private_link_endpoint_network_policies": false,
            "enforce_private_link_service_network_policies": false,
            "id": "/subscriptions/21e1ef34-0963-45a7-adf0-9ec348b85362/resourceGroups/rg-jlab-vwan/providers/Microsoft.Network/virtualNetworks/vnet-vwan-jlab-scus/subnets/Compute",
            "name": "Compute",
            "private_endpoint_network_policies_enabled": true,
            "private_link_service_network_policies_enabled": true,
            "resource_group_name": "rg-jlab-vwan",
            "service_endpoint_policy_ids": [],
            "service_endpoints": [],
            "timeouts": null,
            "virtual_network_name": "vnet-vwan-jlab-scus"
          },
          "sensitive_attributes": [],
          "private": "eyJlMmJmYjczMC1lY2FhLTExZTYtOGY4OC0zNDM2M2JjN2M0YzAiOnsiY3JlYXRlIjoxODAwMDAwMDAwMDAwLCJkZWxldGUiOjE4MDAwMDAwMDAwMDAsInJlYWQiOjMwMDAwMDAwMDAwMCwidXBkYXRlIjoxODAwMDAwMDAwMDAwfX0=",
          "dependencies": [
            "azurerm_resource_group.res-2",
            "azurerm_virtual_network.res-37"
          ]
        }
      ]
    },
    {
      "mode": "managed",
      "type": "azurerm_subnet",
      "name": "res-40",
      "provider": "provider[\"registry.terraform.io/hashicorp/azurerm\"]",
      "instances": [
        {
          "schema_version": 0,
          "attributes": {
            "address_prefixes": [
              "10.22.0.0/24"
            ],
            "delegation": [],
            "enforce_private_link_endpoint_network_policies": false,
            "enforce_private_link_service_network_policies": false,
            "id": "/subscriptions/21e1ef34-0963-45a7-adf0-9ec348b85362/resourceGroups/rg-jlab-vwan/providers/Microsoft.Network/virtualNetworks/vnet-vwan-jlab-scus/subnets/default",
            "name": "default",
            "private_endpoint_network_policies_enabled": true,
            "private_link_service_network_policies_enabled": true,
            "resource_group_name": "rg-jlab-vwan",
            "service_endpoint_policy_ids": [],
            "service_endpoints": [],
            "timeouts": null,
            "virtual_network_name": "vnet-vwan-jlab-scus"
          },
          "sensitive_attributes": [],
          "private": "eyJlMmJmYjczMC1lY2FhLTExZTYtOGY4OC0zNDM2M2JjN2M0YzAiOnsiY3JlYXRlIjoxODAwMDAwMDAwMDAwLCJkZWxldGUiOjE4MDAwMDAwMDAwMDAsInJlYWQiOjMwMDAwMDAwMDAwMCwidXBkYXRlIjoxODAwMDAwMDAwMDAwfX0=",
          "dependencies": [
            "azurerm_resource_group.res-2",
            "azurerm_virtual_network.res-37"
          ]
        }
      ]
    },
    {
      "mode": "managed",
      "type": "azurerm_subnet_network_security_group_association",
      "name": "res-39",
      "provider": "provider[\"registry.terraform.io/hashicorp/azurerm\"]",
      "instances": [
        {
          "schema_version": 0,
          "attributes": {
            "id": "/subscriptions/21e1ef34-0963-45a7-adf0-9ec348b85362/resourceGroups/rg-jlab-vwan/providers/Microsoft.Network/virtualNetworks/vnet-vwan-jlab-scus/subnets/Compute",
            "network_security_group_id": "/subscriptions/21e1ef34-0963-45a7-adf0-9ec348b85362/resourceGroups/rg-jlab-vwan/providers/Microsoft.Network/networkSecurityGroups/vnet-vwan-jlab-scus-Compute-nsg-southcentralus",
            "subnet_id": "/subscriptions/21e1ef34-0963-45a7-adf0-9ec348b85362/resourceGroups/rg-jlab-vwan/providers/Microsoft.Network/virtualNetworks/vnet-vwan-jlab-scus/subnets/Compute",
            "timeouts": null
          },
          "sensitive_attributes": [],
          "private": "eyJlMmJmYjczMC1lY2FhLTExZTYtOGY4OC0zNDM2M2JjN2M0YzAiOnsiY3JlYXRlIjoxODAwMDAwMDAwMDAwLCJkZWxldGUiOjE4MDAwMDAwMDAwMDAsInJlYWQiOjMwMDAwMDAwMDAwMH19",
          "dependencies": [
            "azurerm_network_security_group.res-22",
            "azurerm_resource_group.res-2",
            "azurerm_subnet.res-38",
            "azurerm_virtual_network.res-37"
          ]
        }
      ]
    },
    {
      "mode": "managed",
      "type": "azurerm_subnet_network_security_group_association",
      "name": "res-41",
      "provider": "provider[\"registry.terraform.io/hashicorp/azurerm\"]",
      "instances": [
        {
          "schema_version": 0,
          "attributes": {
            "id": "/subscriptions/21e1ef34-0963-45a7-adf0-9ec348b85362/resourceGroups/rg-jlab-vwan/providers/Microsoft.Network/virtualNetworks/vnet-vwan-jlab-scus/subnets/default",
            "network_security_group_id": "/subscriptions/21e1ef34-0963-45a7-adf0-9ec348b85362/resourceGroups/rg-jlab-vwan/providers/Microsoft.Network/networkSecurityGroups/vnet-vwan-jlab-scus-default-nsg-southcentralus",
            "subnet_id": "/subscriptions/21e1ef34-0963-45a7-adf0-9ec348b85362/resourceGroups/rg-jlab-vwan/providers/Microsoft.Network/virtualNetworks/vnet-vwan-jlab-scus/subnets/default",
            "timeouts": null
          },
          "sensitive_attributes": [],
          "private": "eyJlMmJmYjczMC1lY2FhLTExZTYtOGY4OC0zNDM2M2JjN2M0YzAiOnsiY3JlYXRlIjoxODAwMDAwMDAwMDAwLCJkZWxldGUiOjE4MDAwMDAwMDAwMDAsInJlYWQiOjMwMDAwMDAwMDAwMH19",
          "dependencies": [
            "azurerm_network_security_group.res-27",
            "azurerm_resource_group.res-2",
            "azurerm_subnet.res-40",
            "azurerm_virtual_network.res-37"
          ]
        }
      ]
    },
    {
      "mode": "managed",
      "type": "azurerm_virtual_hub",
      "name": "res-31",
      "provider": "provider[\"registry.terraform.io/hashicorp/azurerm\"]",
      "instances": [
        {
          "schema_version": 0,
          "attributes": {
            "address_prefix": "10.50.0.0/16",
            "default_route_table_id": "/subscriptions/21e1ef34-0963-45a7-adf0-9ec348b85362/resourceGroups/rg-jlab-vwan/providers/Microsoft.Network/virtualHubs/hub-jlab-scus/hubRouteTables/defaultRouteTable",
            "hub_routing_preference": "VpnGateway",
            "id": "/subscriptions/21e1ef34-0963-45a7-adf0-9ec348b85362/resourceGroups/rg-jlab-vwan/providers/Microsoft.Network/virtualHubs/hub-jlab-scus",
            "location": "southcentralus",
            "name": "hub-jlab-scus",
            "resource_group_name": "rg-jlab-vwan",
            "route": [],
            "sku": "Standard",
            "tags": {},
            "timeouts": null,
            "virtual_router_asn": 65515,
            "virtual_router_auto_scale_min_capacity": 2,
            "virtual_router_ips": [
              "10.50.32.5",
              "10.50.32.4"
            ],
            "virtual_wan_id": "/subscriptions/21e1ef34-0963-45a7-adf0-9ec348b85362/resourceGroups/rg-jlab-vwan/providers/Microsoft.Network/virtualWans/vwan-jlab"
          },
          "sensitive_attributes": [],
          "private": "eyJlMmJmYjczMC1lY2FhLTExZTYtOGY4OC0zNDM2M2JjN2M0YzAiOnsiY3JlYXRlIjozNjAwMDAwMDAwMDAwLCJkZWxldGUiOjM2MDAwMDAwMDAwMDAsInJlYWQiOjMwMDAwMDAwMDAwMCwidXBkYXRlIjozNjAwMDAwMDAwMDAwfX0=",
          "dependencies": [
            "azurerm_resource_group.res-2",
            "azurerm_virtual_wan.res-43"
          ]
        }
      ]
    },
    {
      "mode": "managed",
      "type": "azurerm_virtual_hub_connection",
      "name": "res-36",
      "provider": "provider[\"registry.terraform.io/hashicorp/azurerm\"]",
      "instances": [
        {
          "schema_version": 0,
          "attributes": {
            "id": "/subscriptions/21e1ef34-0963-45a7-adf0-9ec348b85362/resourceGroups/rg-jlab-vwan/providers/Microsoft.Network/virtualHubs/hub-jlab-scus/hubVirtualNetworkConnections/conn-hub-jlab-scus",
            "internet_security_enabled": true,
            "name": "conn-hub-jlab-scus",
            "remote_virtual_network_id": "/subscriptions/21e1ef34-0963-45a7-adf0-9ec348b85362/resourceGroups/rg-jlab-vwan/providers/Microsoft.Network/virtualNetworks/vnet-vwan-jlab-scus",
            "routing": [
              {
                "associated_route_table_id": "/subscriptions/21e1ef34-0963-45a7-adf0-9ec348b85362/resourceGroups/rg-jlab-vwan/providers/Microsoft.Network/virtualHubs/hub-jlab-scus/hubRouteTables/defaultRouteTable",
                "inbound_route_map_id": "",
                "outbound_route_map_id": "",
                "propagated_route_table": [
                  {
                    "labels": [
                      "default"
                    ],
                    "route_table_ids": [
                      "/subscriptions/21e1ef34-0963-45a7-adf0-9ec348b85362/resourceGroups/rg-jlab-vwan/providers/Microsoft.Network/virtualHubs/hub-jlab-scus/hubRouteTables/defaultRouteTable"
                    ]
                  }
                ],
                "static_vnet_local_route_override_criteria": "Contains",
                "static_vnet_route": []
              }
            ],
            "timeouts": null,
            "virtual_hub_id": "/subscriptions/21e1ef34-0963-45a7-adf0-9ec348b85362/resourceGroups/rg-jlab-vwan/providers/Microsoft.Network/virtualHubs/hub-jlab-scus"
          },
          "sensitive_attributes": [],
          "private": "eyJlMmJmYjczMC1lY2FhLTExZTYtOGY4OC0zNDM2M2JjN2M0YzAiOnsiY3JlYXRlIjozNjAwMDAwMDAwMDAwLCJkZWxldGUiOjM2MDAwMDAwMDAwMDAsInJlYWQiOjMwMDAwMDAwMDAwMCwidXBkYXRlIjozNjAwMDAwMDAwMDAwfX0=",
          "dependencies": [
            "azurerm_resource_group.res-2",
            "azurerm_virtual_hub.res-31",
            "azurerm_virtual_network.res-37",
            "azurerm_virtual_wan.res-43"
          ]
        }
      ]
    },
    {
      "mode": "managed",
      "type": "azurerm_virtual_machine_extension",
      "name": "res-0",
      "provider": "provider[\"registry.terraform.io/hashicorp/azurerm\"]",
      "instances": [
        {
          "schema_version": 0,
          "attributes": {
            "auto_upgrade_minor_version": true,
            "automatic_upgrade_enabled": false,
            "failure_suppression_enabled": false,
            "id": "/subscriptions/21e1ef34-0963-45a7-adf0-9ec348b85362/resourceGroups/RG-JLAB-VWAN/providers/Microsoft.Compute/virtualMachines/vmjlablz1srv01/extensions/AzureNetworkWatcherExtension",
            "name": "AzureNetworkWatcherExtension",
            "protected_settings": null,
            "protected_settings_from_key_vault": [],
            "provision_after_extensions": null,
            "publisher": "Microsoft.Azure.NetworkWatcher",
            "settings": null,
            "tags": null,
            "timeouts": null,
            "type": "NetworkWatcherAgentWindows",
            "type_handler_version": "1.4",
            "virtual_machine_id": "/subscriptions/21e1ef34-0963-45a7-adf0-9ec348b85362/resourceGroups/RG-JLAB-VWAN/providers/Microsoft.Compute/virtualMachines/vmjlablz1srv01"
          },
          "sensitive_attributes": [],
          "private": "eyJlMmJmYjczMC1lY2FhLTExZTYtOGY4OC0zNDM2M2JjN2M0YzAiOnsiY3JlYXRlIjoxODAwMDAwMDAwMDAwLCJkZWxldGUiOjE4MDAwMDAwMDAwMDAsInJlYWQiOjMwMDAwMDAwMDAwMCwidXBkYXRlIjoxODAwMDAwMDAwMDAwfX0=",
          "dependencies": [
            "azurerm_network_interface.res-18",
            "azurerm_public_ip.res-30",
            "azurerm_windows_virtual_machine.res-3"
          ]
        }
      ]
    },
    {
      "mode": "managed",
      "type": "azurerm_virtual_machine_extension",
      "name": "res-4",
      "provider": "provider[\"registry.terraform.io/hashicorp/azurerm\"]",
      "instances": [
        {
          "schema_version": 0,
          "attributes": {
            "auto_upgrade_minor_version": true,
            "automatic_upgrade_enabled": true,
            "failure_suppression_enabled": false,
            "id": "/subscriptions/21e1ef34-0963-45a7-adf0-9ec348b85362/resourceGroups/rg-jlab-vwan/providers/Microsoft.Compute/virtualMachines/vmjlablz1srv01/extensions/AzurePolicyforWindows",
            "name": "AzurePolicyforWindows",
            "protected_settings": null,
            "protected_settings_from_key_vault": [],
            "provision_after_extensions": null,
            "publisher": "Microsoft.GuestConfiguration",
            "settings": null,
            "tags": null,
            "timeouts": null,
            "type": "ConfigurationforWindows",
            "type_handler_version": "1.1",
            "virtual_machine_id": "/subscriptions/21e1ef34-0963-45a7-adf0-9ec348b85362/resourceGroups/rg-jlab-vwan/providers/Microsoft.Compute/virtualMachines/vmjlablz1srv01"
          },
          "sensitive_attributes": [],
          "private": "eyJlMmJmYjczMC1lY2FhLTExZTYtOGY4OC0zNDM2M2JjN2M0YzAiOnsiY3JlYXRlIjoxODAwMDAwMDAwMDAwLCJkZWxldGUiOjE4MDAwMDAwMDAwMDAsInJlYWQiOjMwMDAwMDAwMDAwMCwidXBkYXRlIjoxODAwMDAwMDAwMDAwfX0=",
          "dependencies": [
            "azurerm_network_interface.res-18",
            "azurerm_public_ip.res-30",
            "azurerm_windows_virtual_machine.res-3"
          ]
        }
      ]
    },
    {
      "mode": "managed",
      "type": "azurerm_virtual_machine_extension",
      "name": "res-5",
      "provider": "provider[\"registry.terraform.io/hashicorp/azurerm\"]",
      "instances": [
        {
          "schema_version": 0,
          "attributes": {
            "auto_upgrade_minor_version": true,
            "automatic_upgrade_enabled": false,
            "failure_suppression_enabled": false,
            "id": "/subscriptions/21e1ef34-0963-45a7-adf0-9ec348b85362/resourceGroups/rg-jlab-vwan/providers/Microsoft.Compute/virtualMachines/vmjlablz1srv01/extensions/DependencyAgentWindows",
            "name": "DependencyAgentWindows",
            "protected_settings": null,
            "protected_settings_from_key_vault": [],
            "provision_after_extensions": null,
            "publisher": "Microsoft.Azure.Monitoring.DependencyAgent",
            "settings": null,
            "tags": null,
            "timeouts": null,
            "type": "DependencyAgentWindows",
            "type_handler_version": "9.10",
            "virtual_machine_id": "/subscriptions/21e1ef34-0963-45a7-adf0-9ec348b85362/resourceGroups/rg-jlab-vwan/providers/Microsoft.Compute/virtualMachines/vmjlablz1srv01"
          },
          "sensitive_attributes": [],
          "private": "eyJlMmJmYjczMC1lY2FhLTExZTYtOGY4OC0zNDM2M2JjN2M0YzAiOnsiY3JlYXRlIjoxODAwMDAwMDAwMDAwLCJkZWxldGUiOjE4MDAwMDAwMDAwMDAsInJlYWQiOjMwMDAwMDAwMDAwMCwidXBkYXRlIjoxODAwMDAwMDAwMDAwfX0=",
          "dependencies": [
            "azurerm_network_interface.res-18",
            "azurerm_public_ip.res-30",
            "azurerm_windows_virtual_machine.res-3"
          ]
        }
      ]
    },
    {
      "mode": "managed",
      "type": "azurerm_virtual_machine_extension",
      "name": "res-7",
      "provider": "provider[\"registry.terraform.io/hashicorp/azurerm\"]",
      "instances": [
        {
          "schema_version": 0,
          "attributes": {
            "auto_upgrade_minor_version": false,
            "automatic_upgrade_enabled": false,
            "failure_suppression_enabled": false,
            "id": "/subscriptions/21e1ef34-0963-45a7-adf0-9ec348b85362/resourceGroups/rg-jlab-vwan/providers/Microsoft.Compute/virtualMachines/vmjlablz1srv01/extensions/WindowsAgent.AzureSecurityCenter",
            "name": "WindowsAgent.AzureSecurityCenter",
            "protected_settings": null,
            "protected_settings_from_key_vault": [],
            "provision_after_extensions": null,
            "publisher": "Qualys",
            "settings": "{\"GrayLabel\":{\"CustomerID\":\"a58a32b1-cb6c-4add-b54a-e333a078870f\",\"ResourceID\":\"cbf0b225-3f98-7694-a09c-c0823b9c892a\"},\"LicenseCode\":\"eyJjaWQiOiI2YmVmMTdlZC0xNjUyLWM0YWQtODFlOC05ZWQ4N2YyM2I0ZDIiLCJhaWQiOiIwZGJkNDlkMC02ODk4LTQ4ZTgtOThkZC1mNjU2NTg1N2ZkNDAiLCJwd3NVcmwiOiJodHRwczovL3FhZ3B1YmxpYy5xZzMuYXBwcy5xdWFseXMuY29tL0Nsb3VkQWdlbnQvIiwicHdzUG9ydCI6IjQ0MyJ9\"}",
            "tags": null,
            "timeouts": null,
            "type": "WindowsAgent.AzureSecurityCenter",
            "type_handler_version": "1.0",
            "virtual_machine_id": "/subscriptions/21e1ef34-0963-45a7-adf0-9ec348b85362/resourceGroups/rg-jlab-vwan/providers/Microsoft.Compute/virtualMachines/vmjlablz1srv01"
          },
          "sensitive_attributes": [],
          "private": "eyJlMmJmYjczMC1lY2FhLTExZTYtOGY4OC0zNDM2M2JjN2M0YzAiOnsiY3JlYXRlIjoxODAwMDAwMDAwMDAwLCJkZWxldGUiOjE4MDAwMDAwMDAwMDAsInJlYWQiOjMwMDAwMDAwMDAwMCwidXBkYXRlIjoxODAwMDAwMDAwMDAwfX0=",
          "dependencies": [
            "azurerm_network_interface.res-18",
            "azurerm_public_ip.res-30",
            "azurerm_windows_virtual_machine.res-3"
          ]
        }
      ]
    },
    {
      "mode": "managed",
      "type": "azurerm_virtual_network",
      "name": "res-37",
      "provider": "provider[\"registry.terraform.io/hashicorp/azurerm\"]",
      "instances": [
        {
          "schema_version": 0,
          "attributes": {
            "address_space": [
              "10.22.0.0/16"
            ],
            "bgp_community": "",
            "ddos_protection_plan": [],
            "dns_servers": [],
            "edge_zone": "",
            "encryption": [],
            "flow_timeout_in_minutes": 0,
            "guid": "2945d141-7eaa-42c6-ace6-581b01b530d5",
            "id": "/subscriptions/21e1ef34-0963-45a7-adf0-9ec348b85362/resourceGroups/rg-jlab-vwan/providers/Microsoft.Network/virtualNetworks/vnet-vwan-jlab-scus",
            "location": "southcentralus",
            "name": "vnet-vwan-jlab-scus",
            "resource_group_name": "rg-jlab-vwan",
            "subnet": [
              {
                "address_prefix": "10.22.0.0/24",
                "id": "/subscriptions/21e1ef34-0963-45a7-adf0-9ec348b85362/resourceGroups/rg-jlab-vwan/providers/Microsoft.Network/virtualNetworks/vnet-vwan-jlab-scus/subnets/default",
                "name": "default",
                "security_group": "/subscriptions/21e1ef34-0963-45a7-adf0-9ec348b85362/resourceGroups/rg-jlab-vwan/providers/Microsoft.Network/networkSecurityGroups/vnet-vwan-jlab-scus-default-nsg-southcentralus"
              },
              {
                "address_prefix": "10.22.1.0/24",
                "id": "/subscriptions/21e1ef34-0963-45a7-adf0-9ec348b85362/resourceGroups/rg-jlab-vwan/providers/Microsoft.Network/virtualNetworks/vnet-vwan-jlab-scus/subnets/Compute",
                "name": "Compute",
                "security_group": "/subscriptions/21e1ef34-0963-45a7-adf0-9ec348b85362/resourceGroups/rg-jlab-vwan/providers/Microsoft.Network/networkSecurityGroups/vnet-vwan-jlab-scus-Compute-nsg-southcentralus"
              }
            ],
            "tags": {},
            "timeouts": null
          },
          "sensitive_attributes": [],
          "private": "eyJlMmJmYjczMC1lY2FhLTExZTYtOGY4OC0zNDM2M2JjN2M0YzAiOnsiY3JlYXRlIjoxODAwMDAwMDAwMDAwLCJkZWxldGUiOjE4MDAwMDAwMDAwMDAsInJlYWQiOjMwMDAwMDAwMDAwMCwidXBkYXRlIjoxODAwMDAwMDAwMDAwfX0=",
          "dependencies": [
            "azurerm_resource_group.res-2"
          ]
        }
      ]
    },
    {
      "mode": "managed",
      "type": "azurerm_virtual_wan",
      "name": "res-43",
      "provider": "provider[\"registry.terraform.io/hashicorp/azurerm\"]",
      "instances": [
        {
          "schema_version": 0,
          "attributes": {
            "allow_branch_to_branch_traffic": false,
            "disable_vpn_encryption": false,
            "id": "/subscriptions/21e1ef34-0963-45a7-adf0-9ec348b85362/resourceGroups/rg-jlab-vwan/providers/Microsoft.Network/virtualWans/vwan-jlab",
            "location": "southcentralus",
            "name": "vwan-jlab",
            "office365_local_breakout_category": "None",
            "resource_group_name": "rg-jlab-vwan",
            "tags": {},
            "timeouts": null,
            "type": "Standard"
          },
          "sensitive_attributes": [],
          "private": "eyJlMmJmYjczMC1lY2FhLTExZTYtOGY4OC0zNDM2M2JjN2M0YzAiOnsiY3JlYXRlIjoxODAwMDAwMDAwMDAwLCJkZWxldGUiOjE4MDAwMDAwMDAwMDAsInJlYWQiOjMwMDAwMDAwMDAwMCwidXBkYXRlIjoxODAwMDAwMDAwMDAwfX0=",
          "dependencies": [
            "azurerm_resource_group.res-2"
          ]
        }
      ]
    },
    {
      "mode": "managed",
      "type": "azurerm_vpn_gateway",
      "name": "res-44",
      "provider": "provider[\"registry.terraform.io/hashicorp/azurerm\"]",
      "instances": [
        {
          "schema_version": 0,
          "attributes": {
            "bgp_route_translation_for_nat_enabled": false,
            "bgp_settings": [
              {
                "asn": 65515,
                "bgp_peering_address": "",
                "instance_0_bgp_peering_address": [
                  {
                    "custom_ips": [],
                    "default_ips": [
                      "10.50.0.13"
                    ],
                    "ip_configuration_id": "Instance0",
                    "tunnel_ips": [
                      "10.50.0.4",
                      "172.202.166.252"
                    ]
                  }
                ],
                "instance_1_bgp_peering_address": [
                  {
                    "custom_ips": [],
                    "default_ips": [
                      "10.50.0.12"
                    ],
                    "ip_configuration_id": "Instance1",
                    "tunnel_ips": [
                      "10.50.0.5",
                      "172.202.166.245"
                    ]
                  }
                ],
                "peer_weight": 0
              }
            ],
            "id": "/subscriptions/21e1ef34-0963-45a7-adf0-9ec348b85362/resourceGroups/rg-jlab-vwan/providers/Microsoft.Network/vpnGateways/bf8ceef55b8940289a462ab4e37cef3d-southcentralus-gw",
            "location": "southcentralus",
            "name": "bf8ceef55b8940289a462ab4e37cef3d-southcentralus-gw",
            "resource_group_name": "rg-jlab-vwan",
            "routing_preference": "Microsoft Network",
            "scale_unit": 1,
            "tags": {},
            "timeouts": null,
            "virtual_hub_id": "/subscriptions/21e1ef34-0963-45a7-adf0-9ec348b85362/resourceGroups/rg-jlab-vwan/providers/Microsoft.Network/virtualHubs/hub-jlab-scus"
          },
          "sensitive_attributes": [],
          "private": "eyJlMmJmYjczMC1lY2FhLTExZTYtOGY4OC0zNDM2M2JjN2M0YzAiOnsiY3JlYXRlIjo1NDAwMDAwMDAwMDAwLCJkZWxldGUiOjU0MDAwMDAwMDAwMDAsInJlYWQiOjMwMDAwMDAwMDAwMCwidXBkYXRlIjo1NDAwMDAwMDAwMDAwfX0=",
          "dependencies": [
            "azurerm_resource_group.res-2",
            "azurerm_virtual_hub.res-31",
            "azurerm_virtual_wan.res-43"
          ]
        }
      ]
    },
    {
      "mode": "managed",
      "type": "azurerm_vpn_gateway_connection",
      "name": "res-45",
      "provider": "provider[\"registry.terraform.io/hashicorp/azurerm\"]",
      "instances": [
        {
          "schema_version": 0,
          "attributes": {
            "id": "/subscriptions/21e1ef34-0963-45a7-adf0-9ec348b85362/resourceGroups/rg-jlab-vwan/providers/Microsoft.Network/vpnGateways/bf8ceef55b8940289a462ab4e37cef3d-southcentralus-gw/vpnConnections/Connection-vpnsite-jlab-branch01-primary",
            "internet_security_enabled": false,
            "name": "Connection-vpnsite-jlab-branch01-primary",
            "remote_vpn_site_id": "/subscriptions/21e1ef34-0963-45a7-adf0-9ec348b85362/resourceGroups/rg-jlab-vwan/providers/Microsoft.Network/vpnSites/vpnsite-jlab-branch01-primary",
            "routing": [
              {
                "associated_route_table": "/subscriptions/21e1ef34-0963-45a7-adf0-9ec348b85362/resourceGroups/rg-jlab-vwan/providers/Microsoft.Network/virtualHubs/hub-jlab-scus/hubRouteTables/defaultRouteTable",
                "inbound_route_map_id": "",
                "outbound_route_map_id": "",
                "propagated_route_table": [
                  {
                    "labels": [
                      "default"
                    ],
                    "route_table_ids": [
                      "/subscriptions/21e1ef34-0963-45a7-adf0-9ec348b85362/resourceGroups/rg-jlab-vwan/providers/Microsoft.Network/virtualHubs/hub-jlab-scus/hubRouteTables/defaultRouteTable"
                    ]
                  }
                ]
              }
            ],
            "timeouts": null,
            "traffic_selector_policy": [],
            "vpn_gateway_id": "/subscriptions/21e1ef34-0963-45a7-adf0-9ec348b85362/resourceGroups/rg-jlab-vwan/providers/Microsoft.Network/vpnGateways/bf8ceef55b8940289a462ab4e37cef3d-southcentralus-gw",
            "vpn_link": [
              {
                "bandwidth_mbps": 10,
                "bgp_enabled": true,
                "connection_mode": "Default",
                "custom_bgp_address": [],
                "egress_nat_rule_ids": [],
                "ingress_nat_rule_ids": [],
                "ipsec_policy": [],
                "local_azure_ip_address_enabled": false,
                "name": "link-jlab-vwan-primary",
                "policy_based_traffic_selector_enabled": false,
                "protocol": "IKEv2",
                "ratelimit_enabled": false,
                "route_weight": 0,
                "shared_key": "SharedKey2024",
                "vpn_site_link_id": "/subscriptions/21e1ef34-0963-45a7-adf0-9ec348b85362/resourceGroups/rg-jlab-vwan/providers/Microsoft.Network/vpnSites/vpnsite-jlab-branch01-primary/vpnSiteLinks/link-jlab-vwan-primary"
              }
            ]
          },
          "sensitive_attributes": [],
          "private": "eyJlMmJmYjczMC1lY2FhLTExZTYtOGY4OC0zNDM2M2JjN2M0YzAiOnsiY3JlYXRlIjoxODAwMDAwMDAwMDAwLCJkZWxldGUiOjE4MDAwMDAwMDAwMDAsInJlYWQiOjMwMDAwMDAwMDAwMCwidXBkYXRlIjoxODAwMDAwMDAwMDAwfX0=",
          "dependencies": [
            "azurerm_resource_group.res-2",
            "azurerm_virtual_hub.res-31",
            "azurerm_virtual_wan.res-43",
            "azurerm_vpn_gateway.res-44",
            "azurerm_vpn_site.res-47"
          ]
        }
      ]
    },
    {
      "mode": "managed",
      "type": "azurerm_vpn_gateway_connection",
      "name": "res-46",
      "provider": "provider[\"registry.terraform.io/hashicorp/azurerm\"]",
      "instances": [
        {
          "schema_version": 0,
          "attributes": {
            "id": "/subscriptions/21e1ef34-0963-45a7-adf0-9ec348b85362/resourceGroups/rg-jlab-vwan/providers/Microsoft.Network/vpnGateways/bf8ceef55b8940289a462ab4e37cef3d-southcentralus-gw/vpnConnections/Connection-vpnsite-jlab-branch01-secondary",
            "internet_security_enabled": false,
            "name": "Connection-vpnsite-jlab-branch01-secondary",
            "remote_vpn_site_id": "/subscriptions/21e1ef34-0963-45a7-adf0-9ec348b85362/resourceGroups/rg-jlab-vwan/providers/Microsoft.Network/vpnSites/vpnsite-jlab-branch01-secondary",
            "routing": [
              {
                "associated_route_table": "/subscriptions/21e1ef34-0963-45a7-adf0-9ec348b85362/resourceGroups/rg-jlab-vwan/providers/Microsoft.Network/virtualHubs/hub-jlab-scus/hubRouteTables/defaultRouteTable",
                "inbound_route_map_id": "",
                "outbound_route_map_id": "",
                "propagated_route_table": [
                  {
                    "labels": [
                      "default"
                    ],
                    "route_table_ids": [
                      "/subscriptions/21e1ef34-0963-45a7-adf0-9ec348b85362/resourceGroups/rg-jlab-vwan/providers/Microsoft.Network/virtualHubs/hub-jlab-scus/hubRouteTables/defaultRouteTable"
                    ]
                  }
                ]
              }
            ],
            "timeouts": null,
            "traffic_selector_policy": [],
            "vpn_gateway_id": "/subscriptions/21e1ef34-0963-45a7-adf0-9ec348b85362/resourceGroups/rg-jlab-vwan/providers/Microsoft.Network/vpnGateways/bf8ceef55b8940289a462ab4e37cef3d-southcentralus-gw",
            "vpn_link": [
              {
                "bandwidth_mbps": 10,
                "bgp_enabled": true,
                "connection_mode": "Default",
                "custom_bgp_address": [],
                "egress_nat_rule_ids": [],
                "ingress_nat_rule_ids": [],
                "ipsec_policy": [],
                "local_azure_ip_address_enabled": false,
                "name": "link-branch01-secondary",
                "policy_based_traffic_selector_enabled": false,
                "protocol": "IKEv2",
                "ratelimit_enabled": false,
                "route_weight": 0,
                "shared_key": "SharedKey2024",
                "vpn_site_link_id": "/subscriptions/21e1ef34-0963-45a7-adf0-9ec348b85362/resourceGroups/rg-jlab-vwan/providers/Microsoft.Network/vpnSites/vpnsite-jlab-branch01-secondary/vpnSiteLinks/link-branch01-secondary"
              }
            ]
          },
          "sensitive_attributes": [],
          "private": "eyJlMmJmYjczMC1lY2FhLTExZTYtOGY4OC0zNDM2M2JjN2M0YzAiOnsiY3JlYXRlIjoxODAwMDAwMDAwMDAwLCJkZWxldGUiOjE4MDAwMDAwMDAwMDAsInJlYWQiOjMwMDAwMDAwMDAwMCwidXBkYXRlIjoxODAwMDAwMDAwMDAwfX0=",
          "dependencies": [
            "azurerm_resource_group.res-2",
            "azurerm_virtual_hub.res-31",
            "azurerm_virtual_wan.res-43",
            "azurerm_vpn_gateway.res-44",
            "azurerm_vpn_site.res-48"
          ]
        }
      ]
    },
    {
      "mode": "managed",
      "type": "azurerm_vpn_site",
      "name": "res-47",
      "provider": "provider[\"registry.terraform.io/hashicorp/azurerm\"]",
      "instances": [
        {
          "schema_version": 0,
          "attributes": {
            "address_cidrs": [
              "192.168.0.0/16"
            ],
            "device_model": "",
            "device_vendor": "Microsoft",
            "id": "/subscriptions/21e1ef34-0963-45a7-adf0-9ec348b85362/resourceGroups/rg-jlab-vwan/providers/Microsoft.Network/vpnSites/vpnsite-jlab-branch01-primary",
            "link": [
              {
                "bgp": [
                  {
                    "asn": 65533,
                    "peering_address": "192.168.0.6"
                  }
                ],
                "fqdn": "",
                "id": "/subscriptions/21e1ef34-0963-45a7-adf0-9ec348b85362/resourceGroups/rg-jlab-vwan/providers/Microsoft.Network/vpnSites/vpnsite-jlab-branch01-primary/vpnSiteLinks/link-jlab-vwan-primary",
                "ip_address": "52.176.211.121",
                "name": "link-jlab-vwan-primary",
                "provider_name": "microsoft",
                "speed_in_mbps": 50
              }
            ],
            "location": "southcentralus",
            "name": "vpnsite-jlab-branch01-primary",
            "o365_policy": [
              {
                "traffic_category": [
                  {
                    "allow_endpoint_enabled": false,
                    "default_endpoint_enabled": false,
                    "optimize_endpoint_enabled": false
                  }
                ]
              }
            ],
            "resource_group_name": "rg-jlab-vwan",
            "tags": {},
            "timeouts": null,
            "virtual_wan_id": "/subscriptions/21e1ef34-0963-45a7-adf0-9ec348b85362/resourceGroups/rg-jlab-vwan/providers/Microsoft.Network/virtualWans/vwan-jlab"
          },
          "sensitive_attributes": [],
          "private": "eyJlMmJmYjczMC1lY2FhLTExZTYtOGY4OC0zNDM2M2JjN2M0YzAiOnsiY3JlYXRlIjoxODAwMDAwMDAwMDAwLCJkZWxldGUiOjE4MDAwMDAwMDAwMDAsInJlYWQiOjMwMDAwMDAwMDAwMCwidXBkYXRlIjoxODAwMDAwMDAwMDAwfX0=",
          "dependencies": [
            "azurerm_virtual_wan.res-43"
          ]
        }
      ]
    },
    {
      "mode": "managed",
      "type": "azurerm_vpn_site",
      "name": "res-48",
      "provider": "provider[\"registry.terraform.io/hashicorp/azurerm\"]",
      "instances": [
        {
          "schema_version": 0,
          "attributes": {
            "address_cidrs": [
              "192.168.0.0/16"
            ],
            "device_model": "",
            "device_vendor": "Microsoft",
            "id": "/subscriptions/21e1ef34-0963-45a7-adf0-9ec348b85362/resourceGroups/rg-jlab-vwan/providers/Microsoft.Network/vpnSites/vpnsite-jlab-branch01-secondary",
            "link": [
              {
                "bgp": [
                  {
                    "asn": 65533,
                    "peering_address": "192.168.0.7"
                  }
                ],
                "fqdn": "",
                "id": "/subscriptions/21e1ef34-0963-45a7-adf0-9ec348b85362/resourceGroups/rg-jlab-vwan/providers/Microsoft.Network/vpnSites/vpnsite-jlab-branch01-secondary/vpnSiteLinks/link-branch01-secondary",
                "ip_address": "52.176.210.72",
                "name": "link-branch01-secondary",
                "provider_name": "microsoft",
                "speed_in_mbps": 50
              }
            ],
            "location": "southcentralus",
            "name": "vpnsite-jlab-branch01-secondary",
            "o365_policy": [
              {
                "traffic_category": [
                  {
                    "allow_endpoint_enabled": false,
                    "default_endpoint_enabled": false,
                    "optimize_endpoint_enabled": false
                  }
                ]
              }
            ],
            "resource_group_name": "rg-jlab-vwan",
            "tags": {},
            "timeouts": null,
            "virtual_wan_id": "/subscriptions/21e1ef34-0963-45a7-adf0-9ec348b85362/resourceGroups/rg-jlab-vwan/providers/Microsoft.Network/virtualWans/vwan-jlab"
          },
          "sensitive_attributes": [],
          "private": "eyJlMmJmYjczMC1lY2FhLTExZTYtOGY4OC0zNDM2M2JjN2M0YzAiOnsiY3JlYXRlIjoxODAwMDAwMDAwMDAwLCJkZWxldGUiOjE4MDAwMDAwMDAwMDAsInJlYWQiOjMwMDAwMDAwMDAwMCwidXBkYXRlIjoxODAwMDAwMDAwMDAwfX0=",
          "dependencies": [
            "azurerm_virtual_wan.res-43"
          ]
        }
      ]
    },
    {
      "mode": "managed",
      "type": "azurerm_windows_virtual_machine",
      "name": "res-3",
      "provider": "provider[\"registry.terraform.io/hashicorp/azurerm\"]",
      "instances": [
        {
          "schema_version": 0,
          "attributes": {
            "additional_capabilities": [
              {
                "ultra_ssd_enabled": false
              }
            ],
            "additional_unattend_content": [],
            "admin_password": "SecretP@ssw0rd",
            "admin_username": "joe",
            "allow_extension_operations": true,
            "availability_set_id": "",
            "boot_diagnostics": [
              {
                "storage_account_uri": ""
              }
            ],
            "bypass_platform_safety_checks_on_user_schedule_enabled": true,
            "capacity_reservation_group_id": "",
            "computer_name": "vmjlablz1srv01",
            "custom_data": null,
            "dedicated_host_group_id": "",
            "dedicated_host_id": "",
            "disk_controller_type": "SCSI",
            "edge_zone": "",
            "enable_automatic_updates": true,
            "encryption_at_host_enabled": false,
            "eviction_policy": "",
            "extensions_time_budget": "PT1H30M",
            "gallery_application": [],
            "hotpatching_enabled": false,
            "id": "/subscriptions/21e1ef34-0963-45a7-adf0-9ec348b85362/resourceGroups/rg-jlab-vwan/providers/Microsoft.Compute/virtualMachines/vmjlablz1srv01",
            "identity": [
              {
                "identity_ids": null,
                "principal_id": "d699edbc-a22f-4999-b768-0d2b3d8d068e",
                "tenant_id": "11d3b903-67a9-4a3d-ae57-938b6ece3b4b",
                "type": "SystemAssigned"
              }
            ],
            "license_type": "Windows_Server",
            "location": "southcentralus",
            "max_bid_price": -1,
            "name": "vmjlablz1srv01",
            "network_interface_ids": [
              "/subscriptions/21e1ef34-0963-45a7-adf0-9ec348b85362/resourceGroups/rg-jlab-vwan/providers/Microsoft.Network/networkInterfaces/vmjlablz1srv01738"
            ],
            "os_disk": [
              {
                "caching": "ReadWrite",
                "diff_disk_settings": [],
                "disk_encryption_set_id": "",
                "disk_size_gb": 127,
                "name": "vmjlablz1srv01_OsDisk_1_14d8aab494a84addaccb7d2fbe0ef09a",
                "secure_vm_disk_encryption_set_id": "",
                "security_encryption_type": "",
                "storage_account_type": "Standard_LRS",
                "write_accelerator_enabled": false
              }
            ],
            "os_image_notification": [],
            "patch_assessment_mode": "AutomaticByPlatform",
            "patch_mode": "AutomaticByPlatform",
            "plan": [],
            "platform_fault_domain": -1,
            "priority": "Regular",
            "private_ip_address": "10.22.1.4",
            "private_ip_addresses": [
              "10.22.1.4"
            ],
            "provision_vm_agent": true,
            "proximity_placement_group_id": "",
            "public_ip_address": "13.65.38.43",
            "public_ip_addresses": [
              "13.65.38.43"
            ],
            "reboot_setting": "",
            "resource_group_name": "rg-jlab-vwan",
            "secret": [],
            "secure_boot_enabled": true,
            "size": "Standard_B2s",
            "source_image_id": "",
            "source_image_reference": [
              {
                "offer": "WindowsServer",
                "publisher": "MicrosoftWindowsServer",
                "sku": "2019-datacenter-gensecond",
                "version": "latest"
              }
            ],
            "tags": null,
            "termination_notification": null,
            "timeouts": null,
            "timezone": "",
            "user_data": "",
            "virtual_machine_id": "7bcaaf4f-7a25-47a0-91de-76c6ab5674c4",
            "virtual_machine_scale_set_id": "",
            "vm_agent_platform_updates_enabled": false,
            "vtpm_enabled": true,
            "winrm_listener": [],
            "zone": ""
          },
          "sensitive_attributes": [],
          "private": "eyJlMmJmYjczMC1lY2FhLTExZTYtOGY4OC0zNDM2M2JjN2M0YzAiOnsiY3JlYXRlIjoyNzAwMDAwMDAwMDAwLCJkZWxldGUiOjI3MDAwMDAwMDAwMDAsInJlYWQiOjMwMDAwMDAwMDAwMCwidXBkYXRlIjoyNzAwMDAwMDAwMDAwfX0=",
          "dependencies": [
            "azurerm_network_interface.res-18",
            "azurerm_public_ip.res-30"
          ]
        }
      ]
    }
  ]
}
